{
  "version": 4,
  "terraform_version": "1.14.3",
  "serial": 68,
  "lineage": "3ed42401-2bdf-1637-c793-4537bbb66e5b",
  "outputs": {
    "domain_root": {
      "value": "pluto.patternsatscale.com",
      "type": "string"
    },
    "ecr_repository_urls": {
      "value": {
        "chromadb": "066683141917.dkr.ecr.ca-central-1.amazonaws.com/pluto-chromadb",
        "litellm": "066683141917.dkr.ecr.ca-central-1.amazonaws.com/pluto-litellm",
        "ollama": "066683141917.dkr.ecr.ca-central-1.amazonaws.com/pluto-ollama",
        "openwebui": "066683141917.dkr.ecr.ca-central-1.amazonaws.com/pluto-openwebui",
        "traefik": "066683141917.dkr.ecr.ca-central-1.amazonaws.com/pluto-traefik"
      },
      "type": [
        "object",
        {
          "chromadb": "string",
          "litellm": "string",
          "ollama": "string",
          "openwebui": "string",
          "traefik": "string"
        }
      ]
    },
    "ecs_cluster_name": {
      "value": "pluto-cluster",
      "type": "string"
    },
    "ecs_service_name": {
      "value": "pluto-service",
      "type": "string"
    },
    "nlb_dns_name": {
      "value": "pluto-nlb-1a004853cdf33ba2.elb.ca-central-1.amazonaws.com",
      "type": "string"
    },
    "region": {
      "value": "ca-central-1",
      "type": "string"
    },
    "service_urls": {
      "value": {
        "chromadb": "https://chromadb.pluto.patternsatscale.com",
        "litellm": "https://litellm.pluto.patternsatscale.com",
        "ollama": "https://ollama.pluto.patternsatscale.com",
        "openwebui": "https://openwebui.pluto.patternsatscale.com"
      },
      "type": [
        "object",
        {
          "chromadb": "string",
          "litellm": "string",
          "ollama": "string",
          "openwebui": "string"
        }
      ]
    }
  },
  "resources": [
    {
      "mode": "data",
      "type": "aws_availability_zones",
      "name": "available",
      "provider": "provider[\"registry.terraform.io/hashicorp/aws\"]",
      "instances": [
        {
          "schema_version": 0,
          "attributes": {
            "all_availability_zones": null,
            "exclude_names": null,
            "exclude_zone_ids": null,
            "filter": null,
            "group_names": [
              "ca-central-1-zg-1"
            ],
            "id": "ca-central-1",
            "names": [
              "ca-central-1a",
              "ca-central-1b",
              "ca-central-1d"
            ],
            "state": "available",
            "timeouts": null,
            "zone_ids": [
              "cac1-az1",
              "cac1-az2",
              "cac1-az4"
            ]
          },
          "sensitive_attributes": [],
          "identity_schema_version": 0
        }
      ]
    },
    {
      "mode": "data",
      "type": "aws_iam_policy_document",
      "name": "ecs_task_assume_role",
      "provider": "provider[\"registry.terraform.io/hashicorp/aws\"]",
      "instances": [
        {
          "schema_version": 0,
          "attributes": {
            "id": "1077804475",
            "json": "{\n  \"Version\": \"2012-10-17\",\n  \"Statement\": [\n    {\n      \"Effect\": \"Allow\",\n      \"Action\": \"sts:AssumeRole\",\n      \"Principal\": {\n        \"Service\": \"ecs-tasks.amazonaws.com\"\n      }\n    }\n  ]\n}",
            "minified_json": "{\"Version\":\"2012-10-17\",\"Statement\":[{\"Effect\":\"Allow\",\"Action\":\"sts:AssumeRole\",\"Principal\":{\"Service\":\"ecs-tasks.amazonaws.com\"}}]}",
            "override_json": null,
            "override_policy_documents": null,
            "policy_id": null,
            "source_json": null,
            "source_policy_documents": null,
            "statement": [
              {
                "actions": [
                  "sts:AssumeRole"
                ],
                "condition": [],
                "effect": "Allow",
                "not_actions": [],
                "not_principals": [],
                "not_resources": [],
                "principals": [
                  {
                    "identifiers": [
                      "ecs-tasks.amazonaws.com"
                    ],
                    "type": "Service"
                  }
                ],
                "resources": [],
                "sid": ""
              }
            ],
            "version": "2012-10-17"
          },
          "sensitive_attributes": [],
          "identity_schema_version": 0
        }
      ]
    },
    {
      "mode": "data",
      "type": "aws_region",
      "name": "current",
      "provider": "provider[\"registry.terraform.io/hashicorp/aws\"]",
      "instances": [
        {
          "schema_version": 0,
          "attributes": {
            "description": "Canada (Central)",
            "endpoint": "ec2.ca-central-1.amazonaws.com",
            "id": "ca-central-1",
            "name": "ca-central-1"
          },
          "sensitive_attributes": [],
          "identity_schema_version": 0
        }
      ]
    },
    {
      "mode": "data",
      "type": "aws_route53_zone",
      "name": "selected",
      "provider": "provider[\"registry.terraform.io/hashicorp/aws\"]",
      "instances": [
        {
          "schema_version": 0,
          "attributes": {
            "arn": "arn:aws:route53:::hostedzone/Z06045411BKOU5PKCBFU6",
            "caller_reference": "ab89598f-1bc0-4eaf-adce-d50cc50f1bbc",
            "comment": "",
            "id": "Z06045411BKOU5PKCBFU6",
            "linked_service_description": null,
            "linked_service_principal": null,
            "name": "pluto.patternsatscale.com",
            "name_servers": [
              "ns-1254.awsdns-28.org",
              "ns-174.awsdns-21.com",
              "ns-1813.awsdns-34.co.uk",
              "ns-938.awsdns-53.net"
            ],
            "primary_name_server": "ns-1254.awsdns-28.org",
            "private_zone": false,
            "resource_record_set_count": 7,
            "tags": {},
            "vpc_id": null,
            "zone_id": "Z06045411BKOU5PKCBFU6"
          },
          "sensitive_attributes": [],
          "identity_schema_version": 0
        }
      ]
    },
    {
      "mode": "managed",
      "type": "aws_acm_certificate",
      "name": "pluto",
      "provider": "provider[\"registry.terraform.io/hashicorp/aws\"]",
      "instances": [
        {
          "schema_version": 0,
          "attributes": {
            "arn": "arn:aws:acm:ca-central-1:066683141917:certificate/57b1eeb9-3eea-43df-837f-29e93da34eee",
            "certificate_authority_arn": "",
            "certificate_body": null,
            "certificate_chain": null,
            "domain_name": "pluto.patternsatscale.com",
            "domain_validation_options": [
              {
                "domain_name": "*.pluto.patternsatscale.com",
                "resource_record_name": "_7b48bfa48b63747ef2670faca6afc296.pluto.patternsatscale.com.",
                "resource_record_type": "CNAME",
                "resource_record_value": "_e7e8e192d0ee9f1c34b089af027182ae.jkddzztszm.acm-validations.aws."
              },
              {
                "domain_name": "pluto.patternsatscale.com",
                "resource_record_name": "_7b48bfa48b63747ef2670faca6afc296.pluto.patternsatscale.com.",
                "resource_record_type": "CNAME",
                "resource_record_value": "_e7e8e192d0ee9f1c34b089af027182ae.jkddzztszm.acm-validations.aws."
              }
            ],
            "early_renewal_duration": "",
            "id": "arn:aws:acm:ca-central-1:066683141917:certificate/57b1eeb9-3eea-43df-837f-29e93da34eee",
            "key_algorithm": "RSA_2048",
            "not_after": "",
            "not_before": "",
            "options": [
              {
                "certificate_transparency_logging_preference": "ENABLED"
              }
            ],
            "pending_renewal": false,
            "private_key": null,
            "renewal_eligibility": "INELIGIBLE",
            "renewal_summary": [],
            "status": "PENDING_VALIDATION",
            "subject_alternative_names": [
              "*.pluto.patternsatscale.com",
              "pluto.patternsatscale.com"
            ],
            "tags": {
              "Name": "pluto-cert"
            },
            "tags_all": {
              "Name": "pluto-cert"
            },
            "type": "AMAZON_ISSUED",
            "validation_emails": [],
            "validation_method": "DNS",
            "validation_option": []
          },
          "sensitive_attributes": [
            [
              {
                "type": "get_attr",
                "value": "private_key"
              }
            ]
          ],
          "identity_schema_version": 0,
          "private": "bnVsbA=="
        }
      ]
    },
    {
      "mode": "managed",
      "type": "aws_acm_certificate_validation",
      "name": "pluto",
      "provider": "provider[\"registry.terraform.io/hashicorp/aws\"]",
      "instances": [
        {
          "schema_version": 0,
          "attributes": {
            "certificate_arn": "arn:aws:acm:ca-central-1:066683141917:certificate/57b1eeb9-3eea-43df-837f-29e93da34eee",
            "id": "0001-01-01 00:00:00 +0000 UTC",
            "timeouts": null,
            "validation_record_fqdns": [
              "_7b48bfa48b63747ef2670faca6afc296.pluto.patternsatscale.com"
            ]
          },
          "sensitive_attributes": [],
          "identity_schema_version": 0,
          "private": "eyJlMmJmYjczMC1lY2FhLTExZTYtOGY4OC0zNDM2M2JjN2M0YzAiOnsiY3JlYXRlIjo0NTAwMDAwMDAwMDAwfX0=",
          "dependencies": [
            "aws_acm_certificate.pluto",
            "aws_route53_record.cert_validation",
            "data.aws_route53_zone.selected"
          ]
        }
      ]
    },
    {
      "mode": "managed",
      "type": "aws_cloudwatch_log_group",
      "name": "pluto",
      "provider": "provider[\"registry.terraform.io/hashicorp/aws\"]",
      "instances": [
        {
          "schema_version": 0,
          "attributes": {
            "arn": "arn:aws:logs:ca-central-1:066683141917:log-group:/pluto/ecs",
            "id": "/pluto/ecs",
            "kms_key_id": "",
            "log_group_class": "STANDARD",
            "name": "/pluto/ecs",
            "name_prefix": "",
            "retention_in_days": 30,
            "skip_destroy": false,
            "tags": {},
            "tags_all": {}
          },
          "sensitive_attributes": [],
          "identity_schema_version": 0,
          "private": "bnVsbA=="
        }
      ]
    },
    {
      "mode": "managed",
      "type": "aws_db_instance",
      "name": "pluto",
      "provider": "provider[\"registry.terraform.io/hashicorp/aws\"]",
      "instances": [
        {
          "schema_version": 2,
          "attributes": {
            "address": "pluto-postgres.cpu0wyiocmkp.ca-central-1.rds.amazonaws.com",
            "allocated_storage": 20,
            "allow_major_version_upgrade": null,
            "apply_immediately": false,
            "arn": "arn:aws:rds:ca-central-1:066683141917:db:pluto-postgres",
            "auto_minor_version_upgrade": true,
            "availability_zone": "ca-central-1a",
            "backup_retention_period": 0,
            "backup_target": "region",
            "backup_window": "03:27-03:57",
            "blue_green_update": [],
            "ca_cert_identifier": "rds-ca-rsa2048-g1",
            "character_set_name": "",
            "copy_tags_to_snapshot": false,
            "custom_iam_instance_profile": "",
            "customer_owned_ip_enabled": false,
            "database_insights_mode": "standard",
            "db_name": "pluto",
            "db_subnet_group_name": "pluto-db-subnets",
            "dedicated_log_volume": false,
            "delete_automated_backups": true,
            "deletion_protection": false,
            "domain": "",
            "domain_auth_secret_arn": "",
            "domain_dns_ips": [],
            "domain_fqdn": "",
            "domain_iam_role_name": "",
            "domain_ou": "",
            "enabled_cloudwatch_logs_exports": [],
            "endpoint": "pluto-postgres.cpu0wyiocmkp.ca-central-1.rds.amazonaws.com:5432",
            "engine": "postgres",
            "engine_lifecycle_support": "open-source-rds-extended-support",
            "engine_version": "16",
            "engine_version_actual": "16.10",
            "final_snapshot_identifier": null,
            "hosted_zone_id": "Z1JG78A3UK1DU3",
            "iam_database_authentication_enabled": false,
            "id": "db-BUPBTY6MLJ3IAX5WH2M5UXMZWE",
            "identifier": "pluto-postgres",
            "identifier_prefix": "",
            "instance_class": "db.t4g.micro",
            "iops": 0,
            "kms_key_id": "",
            "latest_restorable_time": "",
            "license_model": "postgresql-license",
            "listener_endpoint": [],
            "maintenance_window": "sat:06:31-sat:07:01",
            "manage_master_user_password": null,
            "master_user_secret": [],
            "master_user_secret_kms_key_id": null,
            "max_allocated_storage": 0,
            "monitoring_interval": 0,
            "monitoring_role_arn": "",
            "multi_az": false,
            "nchar_character_set_name": "",
            "network_type": "IPV4",
            "option_group_name": "default:postgres-16",
            "parameter_group_name": "default.postgres16",
            "password": "QzM)VMLjA(\u003eATtW5X*Be(W2\u0026",
            "password_wo": null,
            "password_wo_version": null,
            "performance_insights_enabled": false,
            "performance_insights_kms_key_id": "",
            "performance_insights_retention_period": 0,
            "port": 5432,
            "publicly_accessible": false,
            "replica_mode": "",
            "replicas": [],
            "replicate_source_db": "",
            "resource_id": "db-BUPBTY6MLJ3IAX5WH2M5UXMZWE",
            "restore_to_point_in_time": [],
            "s3_import": [],
            "skip_final_snapshot": true,
            "snapshot_identifier": null,
            "status": "available",
            "storage_encrypted": false,
            "storage_throughput": 0,
            "storage_type": "gp2",
            "tags": {
              "Name": "pluto-postgres"
            },
            "tags_all": {
              "Name": "pluto-postgres"
            },
            "timeouts": null,
            "timezone": "",
            "upgrade_storage_config": null,
            "username": "pluto",
            "vpc_security_group_ids": [
              "sg-0977e28f692c314ae"
            ]
          },
          "sensitive_attributes": [
            [
              {
                "type": "get_attr",
                "value": "password"
              }
            ],
            [
              {
                "type": "get_attr",
                "value": "password_wo"
              }
            ]
          ],
          "identity_schema_version": 0,
          "private": "eyJlMmJmYjczMC1lY2FhLTExZTYtOGY4OC0zNDM2M2JjN2M0YzAiOnsiY3JlYXRlIjozMDAwMDAwMDAwMDAwLCJkZWxldGUiOjM2MDAwMDAwMDAwMDAsInVwZGF0ZSI6NDgwMDAwMDAwMDAwMH0sInNjaGVtYV92ZXJzaW9uIjoiMiJ9",
          "dependencies": [
            "aws_db_subnet_group.pluto",
            "aws_security_group.ecs",
            "aws_security_group.rds",
            "aws_subnet.private",
            "aws_vpc.pluto",
            "data.aws_availability_zones.available",
            "random_password.db_password"
          ]
        }
      ]
    },
    {
      "mode": "managed",
      "type": "aws_db_subnet_group",
      "name": "pluto",
      "provider": "provider[\"registry.terraform.io/hashicorp/aws\"]",
      "instances": [
        {
          "schema_version": 0,
          "attributes": {
            "arn": "arn:aws:rds:ca-central-1:066683141917:subgrp:pluto-db-subnets",
            "description": "Managed by Terraform",
            "id": "pluto-db-subnets",
            "name": "pluto-db-subnets",
            "name_prefix": "",
            "subnet_ids": [
              "subnet-03c82650975ddbfad",
              "subnet-0df2409cbc4022baf"
            ],
            "supported_network_types": [
              "IPV4"
            ],
            "tags": {
              "Name": "pluto-db-subnets"
            },
            "tags_all": {
              "Name": "pluto-db-subnets"
            },
            "vpc_id": "vpc-074ebab203bf43375"
          },
          "sensitive_attributes": [],
          "identity_schema_version": 0,
          "private": "bnVsbA==",
          "dependencies": [
            "aws_subnet.private",
            "aws_vpc.pluto",
            "data.aws_availability_zones.available"
          ]
        }
      ]
    },
    {
      "mode": "managed",
      "type": "aws_ecr_repository",
      "name": "pluto",
      "provider": "provider[\"registry.terraform.io/hashicorp/aws\"]",
      "instances": [
        {
          "index_key": "chromadb",
          "schema_version": 0,
          "attributes": {
            "arn": "arn:aws:ecr:ca-central-1:066683141917:repository/pluto-chromadb",
            "encryption_configuration": [
              {
                "encryption_type": "AES256",
                "kms_key": ""
              }
            ],
            "force_delete": null,
            "id": "pluto-chromadb",
            "image_scanning_configuration": [
              {
                "scan_on_push": true
              }
            ],
            "image_tag_mutability": "MUTABLE",
            "name": "pluto-chromadb",
            "registry_id": "066683141917",
            "repository_url": "066683141917.dkr.ecr.ca-central-1.amazonaws.com/pluto-chromadb",
            "tags": {
              "Name": "pluto-chromadb"
            },
            "tags_all": {
              "Name": "pluto-chromadb"
            },
            "timeouts": null
          },
          "sensitive_attributes": [],
          "identity_schema_version": 0,
          "private": "eyJlMmJmYjczMC1lY2FhLTExZTYtOGY4OC0zNDM2M2JjN2M0YzAiOnsiZGVsZXRlIjoxMjAwMDAwMDAwMDAwfX0="
        },
        {
          "index_key": "litellm",
          "schema_version": 0,
          "attributes": {
            "arn": "arn:aws:ecr:ca-central-1:066683141917:repository/pluto-litellm",
            "encryption_configuration": [
              {
                "encryption_type": "AES256",
                "kms_key": ""
              }
            ],
            "force_delete": null,
            "id": "pluto-litellm",
            "image_scanning_configuration": [
              {
                "scan_on_push": true
              }
            ],
            "image_tag_mutability": "MUTABLE",
            "name": "pluto-litellm",
            "registry_id": "066683141917",
            "repository_url": "066683141917.dkr.ecr.ca-central-1.amazonaws.com/pluto-litellm",
            "tags": {
              "Name": "pluto-litellm"
            },
            "tags_all": {
              "Name": "pluto-litellm"
            },
            "timeouts": null
          },
          "sensitive_attributes": [],
          "identity_schema_version": 0,
          "private": "eyJlMmJmYjczMC1lY2FhLTExZTYtOGY4OC0zNDM2M2JjN2M0YzAiOnsiZGVsZXRlIjoxMjAwMDAwMDAwMDAwfX0="
        },
        {
          "index_key": "ollama",
          "schema_version": 0,
          "attributes": {
            "arn": "arn:aws:ecr:ca-central-1:066683141917:repository/pluto-ollama",
            "encryption_configuration": [
              {
                "encryption_type": "AES256",
                "kms_key": ""
              }
            ],
            "force_delete": null,
            "id": "pluto-ollama",
            "image_scanning_configuration": [
              {
                "scan_on_push": true
              }
            ],
            "image_tag_mutability": "MUTABLE",
            "name": "pluto-ollama",
            "registry_id": "066683141917",
            "repository_url": "066683141917.dkr.ecr.ca-central-1.amazonaws.com/pluto-ollama",
            "tags": {
              "Name": "pluto-ollama"
            },
            "tags_all": {
              "Name": "pluto-ollama"
            },
            "timeouts": null
          },
          "sensitive_attributes": [],
          "identity_schema_version": 0,
          "private": "eyJlMmJmYjczMC1lY2FhLTExZTYtOGY4OC0zNDM2M2JjN2M0YzAiOnsiZGVsZXRlIjoxMjAwMDAwMDAwMDAwfX0="
        },
        {
          "index_key": "openwebui",
          "schema_version": 0,
          "attributes": {
            "arn": "arn:aws:ecr:ca-central-1:066683141917:repository/pluto-openwebui",
            "encryption_configuration": [
              {
                "encryption_type": "AES256",
                "kms_key": ""
              }
            ],
            "force_delete": null,
            "id": "pluto-openwebui",
            "image_scanning_configuration": [
              {
                "scan_on_push": true
              }
            ],
            "image_tag_mutability": "MUTABLE",
            "name": "pluto-openwebui",
            "registry_id": "066683141917",
            "repository_url": "066683141917.dkr.ecr.ca-central-1.amazonaws.com/pluto-openwebui",
            "tags": {
              "Name": "pluto-openwebui"
            },
            "tags_all": {
              "Name": "pluto-openwebui"
            },
            "timeouts": null
          },
          "sensitive_attributes": [],
          "identity_schema_version": 0,
          "private": "eyJlMmJmYjczMC1lY2FhLTExZTYtOGY4OC0zNDM2M2JjN2M0YzAiOnsiZGVsZXRlIjoxMjAwMDAwMDAwMDAwfX0="
        },
        {
          "index_key": "traefik",
          "schema_version": 0,
          "attributes": {
            "arn": "arn:aws:ecr:ca-central-1:066683141917:repository/pluto-traefik",
            "encryption_configuration": [
              {
                "encryption_type": "AES256",
                "kms_key": ""
              }
            ],
            "force_delete": null,
            "id": "pluto-traefik",
            "image_scanning_configuration": [
              {
                "scan_on_push": true
              }
            ],
            "image_tag_mutability": "MUTABLE",
            "name": "pluto-traefik",
            "registry_id": "066683141917",
            "repository_url": "066683141917.dkr.ecr.ca-central-1.amazonaws.com/pluto-traefik",
            "tags": {
              "Name": "pluto-traefik"
            },
            "tags_all": {
              "Name": "pluto-traefik"
            },
            "timeouts": null
          },
          "sensitive_attributes": [],
          "identity_schema_version": 0,
          "private": "eyJlMmJmYjczMC1lY2FhLTExZTYtOGY4OC0zNDM2M2JjN2M0YzAiOnsiZGVsZXRlIjoxMjAwMDAwMDAwMDAwfX0="
        }
      ]
    },
    {
      "mode": "managed",
      "type": "aws_ecs_cluster",
      "name": "pluto",
      "provider": "provider[\"registry.terraform.io/hashicorp/aws\"]",
      "instances": [
        {
          "schema_version": 0,
          "attributes": {
            "arn": "arn:aws:ecs:ca-central-1:066683141917:cluster/pluto-cluster",
            "configuration": [],
            "id": "arn:aws:ecs:ca-central-1:066683141917:cluster/pluto-cluster",
            "name": "pluto-cluster",
            "service_connect_defaults": [],
            "setting": [
              {
                "name": "containerInsights",
                "value": "disabled"
              }
            ],
            "tags": {},
            "tags_all": {}
          },
          "sensitive_attributes": [],
          "identity_schema_version": 0,
          "private": "bnVsbA=="
        }
      ]
    },
    {
      "mode": "managed",
      "type": "aws_ecs_service",
      "name": "pluto",
      "provider": "provider[\"registry.terraform.io/hashicorp/aws\"]",
      "instances": [
        {
          "schema_version": 1,
          "attributes": {
            "alarms": [],
            "availability_zone_rebalancing": "DISABLED",
            "capacity_provider_strategy": [],
            "cluster": "arn:aws:ecs:ca-central-1:066683141917:cluster/pluto-cluster",
            "deployment_circuit_breaker": [
              {
                "enable": false,
                "rollback": false
              }
            ],
            "deployment_controller": [
              {
                "type": "ECS"
              }
            ],
            "deployment_maximum_percent": 200,
            "deployment_minimum_healthy_percent": 100,
            "desired_count": 1,
            "enable_ecs_managed_tags": false,
            "enable_execute_command": false,
            "force_delete": null,
            "force_new_deployment": null,
            "health_check_grace_period_seconds": 0,
            "iam_role": "/aws-service-role/ecs.amazonaws.com/AWSServiceRoleForECS",
            "id": "arn:aws:ecs:ca-central-1:066683141917:service/pluto-cluster/pluto-service",
            "launch_type": "FARGATE",
            "load_balancer": [
              {
                "container_name": "traefik",
                "container_port": 80,
                "elb_name": "",
                "target_group_arn": "arn:aws:elasticloadbalancing:ca-central-1:066683141917:targetgroup/pluto-traefik/917f2dfa385463fb"
              }
            ],
            "name": "pluto-service",
            "network_configuration": [
              {
                "assign_public_ip": true,
                "security_groups": [
                  "sg-01ff4d9388f879b1f"
                ],
                "subnets": [
                  "subnet-088f8672f85ccd968",
                  "subnet-0bc39f31c6756ca1f"
                ]
              }
            ],
            "ordered_placement_strategy": [],
            "placement_constraints": [],
            "platform_version": "LATEST",
            "propagate_tags": "NONE",
            "scheduling_strategy": "REPLICA",
            "service_connect_configuration": [],
            "service_registries": [],
            "tags": null,
            "tags_all": {},
            "task_definition": "arn:aws:ecs:ca-central-1:066683141917:task-definition/pluto-task:1",
            "timeouts": null,
            "triggers": {},
            "volume_configuration": [],
            "vpc_lattice_configurations": [],
            "wait_for_steady_state": false
          },
          "sensitive_attributes": [],
          "identity_schema_version": 0,
          "private": "eyJlMmJmYjczMC1lY2FhLTExZTYtOGY4OC0zNDM2M2JjN2M0YzAiOnsiY3JlYXRlIjoxMjAwMDAwMDAwMDAwLCJkZWxldGUiOjEyMDAwMDAwMDAwMDAsInVwZGF0ZSI6MTIwMDAwMDAwMDAwMH0sInNjaGVtYV92ZXJzaW9uIjoiMSJ9",
          "dependencies": [
            "aws_acm_certificate.pluto",
            "aws_acm_certificate_validation.pluto",
            "aws_cloudwatch_log_group.pluto",
            "aws_ecr_repository.pluto",
            "aws_ecs_cluster.pluto",
            "aws_ecs_task_definition.pluto",
            "aws_efs_access_point.chromadb",
            "aws_efs_access_point.ollama",
            "aws_efs_access_point.openwebui",
            "aws_efs_file_system.pluto",
            "aws_iam_role.ecs_task",
            "aws_iam_role.ecs_task_execution",
            "aws_lb.pluto",
            "aws_lb_listener.https",
            "aws_lb_target_group.traefik",
            "aws_route53_record.cert_validation",
            "aws_secretsmanager_secret.litellm_database_url",
            "aws_secretsmanager_secret.litellm_master_key",
            "aws_secretsmanager_secret.openwebui_database_url",
            "aws_secretsmanager_secret.webui_secret_key",
            "aws_security_group.ecs",
            "aws_subnet.public",
            "aws_vpc.pluto",
            "data.aws_availability_zones.available",
            "data.aws_iam_policy_document.ecs_task_assume_role",
            "data.aws_region.current",
            "data.aws_route53_zone.selected"
          ]
        }
      ]
    },
    {
      "mode": "managed",
      "type": "aws_ecs_task_definition",
      "name": "pluto",
      "provider": "provider[\"registry.terraform.io/hashicorp/aws\"]",
      "instances": [
        {
          "schema_version": 1,
          "attributes": {
            "arn": "arn:aws:ecs:ca-central-1:066683141917:task-definition/pluto-task:1",
            "arn_without_revision": "arn:aws:ecs:ca-central-1:066683141917:task-definition/pluto-task",
            "container_definitions": "[{\"environment\":[{\"name\":\"ANONYMIZED_TELEMETRY\",\"value\":\"FALSE\"},{\"name\":\"IS_PERSISTENT\",\"value\":\"TRUE\"}],\"essential\":true,\"image\":\"066683141917.dkr.ecr.ca-central-1.amazonaws.com/pluto-chromadb:latest\",\"logConfiguration\":{\"logDriver\":\"awslogs\",\"options\":{\"awslogs-region\":\"ca-central-1\",\"awslogs-stream-prefix\":\"chromadb\",\"awslogs-group\":\"/pluto/ecs\"}},\"mountPoints\":[{\"containerPath\":\"/chroma/chroma\",\"readOnly\":false,\"sourceVolume\":\"chromadb-data\"}],\"name\":\"chromadb\",\"portMappings\":[{\"containerPort\":8000,\"hostPort\":8000,\"protocol\":\"tcp\"}],\"systemControls\":[],\"volumesFrom\":[]},{\"environment\":[{\"name\":\"AWS_REGION_NAME\",\"value\":\"ca-central-1\"},{\"name\":\"STORE_MODEL_IN_DB\",\"value\":\"True\"}],\"essential\":true,\"image\":\"066683141917.dkr.ecr.ca-central-1.amazonaws.com/pluto-litellm:latest\",\"logConfiguration\":{\"logDriver\":\"awslogs\",\"options\":{\"awslogs-region\":\"ca-central-1\",\"awslogs-stream-prefix\":\"litellm\",\"awslogs-group\":\"/pluto/ecs\"}},\"mountPoints\":[],\"name\":\"litellm\",\"portMappings\":[{\"containerPort\":4000,\"hostPort\":4000,\"protocol\":\"tcp\"}],\"secrets\":[{\"name\":\"DATABASE_URL\",\"valueFrom\":\"arn:aws:secretsmanager:ca-central-1:066683141917:secret:pluto/litellm_database_url-l4P2yu\"},{\"name\":\"LITELLM_MASTER_KEY\",\"valueFrom\":\"arn:aws:secretsmanager:ca-central-1:066683141917:secret:pluto/litellm_master_key-tND3el\"}],\"systemControls\":[],\"volumesFrom\":[]},{\"environment\":[],\"essential\":true,\"image\":\"066683141917.dkr.ecr.ca-central-1.amazonaws.com/pluto-ollama:latest\",\"logConfiguration\":{\"logDriver\":\"awslogs\",\"options\":{\"awslogs-group\":\"/pluto/ecs\",\"awslogs-region\":\"ca-central-1\",\"awslogs-stream-prefix\":\"ollama\"}},\"mountPoints\":[{\"containerPath\":\"/root/.ollama\",\"readOnly\":false,\"sourceVolume\":\"ollama-data\"}],\"name\":\"ollama\",\"portMappings\":[{\"containerPort\":11434,\"hostPort\":11434,\"protocol\":\"tcp\"}],\"systemControls\":[],\"volumesFrom\":[]},{\"dependsOn\":[{\"condition\":\"START\",\"containerName\":\"litellm\"},{\"condition\":\"START\",\"containerName\":\"chromadb\"},{\"condition\":\"START\",\"containerName\":\"ollama\"}],\"environment\":[{\"name\":\"CHROMA_HTTP_HOST\",\"value\":\"127.0.0.1\"},{\"name\":\"CHROMA_HTTP_PORT\",\"value\":\"8000\"},{\"name\":\"DEFAULT_USER_ROLE\",\"value\":\"pending\"},{\"name\":\"ENABLE_OLLAMA_API\",\"value\":\"false\"},{\"name\":\"ENABLE_OPENAI_API\",\"value\":\"true\"},{\"name\":\"ENABLE_SIGNUP\",\"value\":\"true\"},{\"name\":\"OLLAMA_BASE_URL\",\"value\":\"http://127.0.0.1:11434\"},{\"name\":\"OPENAI_API_BASE_URL\",\"value\":\"http://127.0.0.1:4000/v1\"},{\"name\":\"RAG_EMBEDDING_ENGINE\",\"value\":\"ollama\"},{\"name\":\"RAG_EMBEDDING_MODEL\",\"value\":\"nomic-embed-text\"},{\"name\":\"WEBUI_AUTH\",\"value\":\"true\"}],\"essential\":true,\"image\":\"066683141917.dkr.ecr.ca-central-1.amazonaws.com/pluto-openwebui:latest\",\"logConfiguration\":{\"logDriver\":\"awslogs\",\"options\":{\"awslogs-group\":\"/pluto/ecs\",\"awslogs-region\":\"ca-central-1\",\"awslogs-stream-prefix\":\"openwebui\"}},\"mountPoints\":[{\"containerPath\":\"/app/backend/data\",\"readOnly\":false,\"sourceVolume\":\"openwebui-data\"}],\"name\":\"openwebui\",\"portMappings\":[{\"containerPort\":8080,\"hostPort\":8080,\"protocol\":\"tcp\"}],\"secrets\":[{\"name\":\"DATABASE_URL\",\"valueFrom\":\"arn:aws:secretsmanager:ca-central-1:066683141917:secret:pluto/openwebui_database_url-6HTceP\"},{\"name\":\"OPENAI_API_KEY\",\"valueFrom\":\"arn:aws:secretsmanager:ca-central-1:066683141917:secret:pluto/litellm_master_key-tND3el\"},{\"name\":\"WEBUI_SECRET_KEY\",\"valueFrom\":\"arn:aws:secretsmanager:ca-central-1:066683141917:secret:pluto/webui_secret_key-sDFI0i\"}],\"systemControls\":[],\"volumesFrom\":[]},{\"environment\":[],\"essential\":true,\"image\":\"066683141917.dkr.ecr.ca-central-1.amazonaws.com/pluto-traefik:latest\",\"logConfiguration\":{\"logDriver\":\"awslogs\",\"options\":{\"awslogs-group\":\"/pluto/ecs\",\"awslogs-region\":\"ca-central-1\",\"awslogs-stream-prefix\":\"traefik\"}},\"mountPoints\":[],\"name\":\"traefik\",\"portMappings\":[{\"containerPort\":80,\"hostPort\":80,\"protocol\":\"tcp\"}],\"systemControls\":[],\"volumesFrom\":[]}]",
            "cpu": "2048",
            "enable_fault_injection": false,
            "ephemeral_storage": [],
            "execution_role_arn": "arn:aws:iam::066683141917:role/pluto-ecs-execution",
            "family": "pluto-task",
            "id": "pluto-task",
            "inference_accelerator": [],
            "ipc_mode": "",
            "memory": "4096",
            "network_mode": "awsvpc",
            "pid_mode": "",
            "placement_constraints": [],
            "proxy_configuration": [],
            "requires_compatibilities": [
              "FARGATE"
            ],
            "revision": 1,
            "runtime_platform": [],
            "skip_destroy": false,
            "tags": {},
            "tags_all": {},
            "task_role_arn": "arn:aws:iam::066683141917:role/pluto-ecs-task",
            "track_latest": false,
            "volume": [
              {
                "configure_at_launch": false,
                "docker_volume_configuration": [],
                "efs_volume_configuration": [
                  {
                    "authorization_config": [
                      {
                        "access_point_id": "fsap-0762fde1eb70f7bab",
                        "iam": "ENABLED"
                      }
                    ],
                    "file_system_id": "fs-0aa48a57cadf8e994",
                    "root_directory": "/",
                    "transit_encryption": "ENABLED",
                    "transit_encryption_port": 0
                  }
                ],
                "fsx_windows_file_server_volume_configuration": [],
                "host_path": "",
                "name": "openwebui-data"
              },
              {
                "configure_at_launch": false,
                "docker_volume_configuration": [],
                "efs_volume_configuration": [
                  {
                    "authorization_config": [
                      {
                        "access_point_id": "fsap-07f036973f652dc68",
                        "iam": "ENABLED"
                      }
                    ],
                    "file_system_id": "fs-0aa48a57cadf8e994",
                    "root_directory": "/",
                    "transit_encryption": "ENABLED",
                    "transit_encryption_port": 0
                  }
                ],
                "fsx_windows_file_server_volume_configuration": [],
                "host_path": "",
                "name": "ollama-data"
              },
              {
                "configure_at_launch": false,
                "docker_volume_configuration": [],
                "efs_volume_configuration": [
                  {
                    "authorization_config": [
                      {
                        "access_point_id": "fsap-0e54ddfd59fdb8cf6",
                        "iam": "ENABLED"
                      }
                    ],
                    "file_system_id": "fs-0aa48a57cadf8e994",
                    "root_directory": "/",
                    "transit_encryption": "ENABLED",
                    "transit_encryption_port": 0
                  }
                ],
                "fsx_windows_file_server_volume_configuration": [],
                "host_path": "",
                "name": "chromadb-data"
              }
            ]
          },
          "sensitive_attributes": [],
          "identity_schema_version": 0,
          "private": "eyJzY2hlbWFfdmVyc2lvbiI6IjEifQ==",
          "dependencies": [
            "aws_cloudwatch_log_group.pluto",
            "aws_ecr_repository.pluto",
            "aws_efs_access_point.chromadb",
            "aws_efs_access_point.ollama",
            "aws_efs_access_point.openwebui",
            "aws_efs_file_system.pluto",
            "aws_iam_role.ecs_task",
            "aws_iam_role.ecs_task_execution",
            "aws_secretsmanager_secret.litellm_database_url",
            "aws_secretsmanager_secret.litellm_master_key",
            "aws_secretsmanager_secret.openwebui_database_url",
            "aws_secretsmanager_secret.webui_secret_key",
            "data.aws_iam_policy_document.ecs_task_assume_role",
            "data.aws_region.current"
          ]
        }
      ]
    },
    {
      "mode": "managed",
      "type": "aws_efs_access_point",
      "name": "chromadb",
      "provider": "provider[\"registry.terraform.io/hashicorp/aws\"]",
      "instances": [
        {
          "schema_version": 0,
          "attributes": {
            "arn": "arn:aws:elasticfilesystem:ca-central-1:066683141917:access-point/fsap-0e54ddfd59fdb8cf6",
            "file_system_arn": "arn:aws:elasticfilesystem:ca-central-1:066683141917:file-system/fs-0aa48a57cadf8e994",
            "file_system_id": "fs-0aa48a57cadf8e994",
            "id": "fsap-0e54ddfd59fdb8cf6",
            "owner_id": "066683141917",
            "posix_user": [],
            "root_directory": [
              {
                "creation_info": [
                  {
                    "owner_gid": 1000,
                    "owner_uid": 1000,
                    "permissions": "0755"
                  }
                ],
                "path": "/chromadb"
              }
            ],
            "tags": {
              "Name": "pluto-chromadb"
            },
            "tags_all": {
              "Name": "pluto-chromadb"
            }
          },
          "sensitive_attributes": [],
          "identity_schema_version": 0,
          "private": "bnVsbA==",
          "dependencies": [
            "aws_efs_file_system.pluto"
          ]
        }
      ]
    },
    {
      "mode": "managed",
      "type": "aws_efs_access_point",
      "name": "ollama",
      "provider": "provider[\"registry.terraform.io/hashicorp/aws\"]",
      "instances": [
        {
          "schema_version": 0,
          "attributes": {
            "arn": "arn:aws:elasticfilesystem:ca-central-1:066683141917:access-point/fsap-07f036973f652dc68",
            "file_system_arn": "arn:aws:elasticfilesystem:ca-central-1:066683141917:file-system/fs-0aa48a57cadf8e994",
            "file_system_id": "fs-0aa48a57cadf8e994",
            "id": "fsap-07f036973f652dc68",
            "owner_id": "066683141917",
            "posix_user": [],
            "root_directory": [
              {
                "creation_info": [
                  {
                    "owner_gid": 1000,
                    "owner_uid": 1000,
                    "permissions": "0755"
                  }
                ],
                "path": "/ollama"
              }
            ],
            "tags": {
              "Name": "pluto-ollama"
            },
            "tags_all": {
              "Name": "pluto-ollama"
            }
          },
          "sensitive_attributes": [],
          "identity_schema_version": 0,
          "private": "bnVsbA==",
          "dependencies": [
            "aws_efs_file_system.pluto"
          ]
        }
      ]
    },
    {
      "mode": "managed",
      "type": "aws_efs_access_point",
      "name": "openwebui",
      "provider": "provider[\"registry.terraform.io/hashicorp/aws\"]",
      "instances": [
        {
          "schema_version": 0,
          "attributes": {
            "arn": "arn:aws:elasticfilesystem:ca-central-1:066683141917:access-point/fsap-0762fde1eb70f7bab",
            "file_system_arn": "arn:aws:elasticfilesystem:ca-central-1:066683141917:file-system/fs-0aa48a57cadf8e994",
            "file_system_id": "fs-0aa48a57cadf8e994",
            "id": "fsap-0762fde1eb70f7bab",
            "owner_id": "066683141917",
            "posix_user": [],
            "root_directory": [
              {
                "creation_info": [
                  {
                    "owner_gid": 1000,
                    "owner_uid": 1000,
                    "permissions": "0755"
                  }
                ],
                "path": "/openwebui"
              }
            ],
            "tags": {
              "Name": "pluto-openwebui"
            },
            "tags_all": {
              "Name": "pluto-openwebui"
            }
          },
          "sensitive_attributes": [],
          "identity_schema_version": 0,
          "private": "bnVsbA==",
          "dependencies": [
            "aws_efs_file_system.pluto"
          ]
        }
      ]
    },
    {
      "mode": "managed",
      "type": "aws_efs_file_system",
      "name": "pluto",
      "provider": "provider[\"registry.terraform.io/hashicorp/aws\"]",
      "instances": [
        {
          "schema_version": 0,
          "attributes": {
            "arn": "arn:aws:elasticfilesystem:ca-central-1:066683141917:file-system/fs-0aa48a57cadf8e994",
            "availability_zone_id": "",
            "availability_zone_name": "",
            "creation_token": "terraform-20260111021631092400000003",
            "dns_name": "fs-0aa48a57cadf8e994.efs.ca-central-1.amazonaws.com",
            "encrypted": true,
            "id": "fs-0aa48a57cadf8e994",
            "kms_key_id": "arn:aws:kms:ca-central-1:066683141917:key/9a1ab0a8-ecb1-4272-92ee-28f991901062",
            "lifecycle_policy": [],
            "name": "pluto-efs",
            "number_of_mount_targets": 2,
            "owner_id": "066683141917",
            "performance_mode": "generalPurpose",
            "protection": [
              {
                "replication_overwrite": "ENABLED"
              }
            ],
            "provisioned_throughput_in_mibps": 0,
            "size_in_bytes": [
              {
                "value": 6144,
                "value_in_ia": 0,
                "value_in_standard": 6144
              }
            ],
            "tags": {
              "Name": "pluto-efs"
            },
            "tags_all": {
              "Name": "pluto-efs"
            },
            "throughput_mode": "bursting"
          },
          "sensitive_attributes": [],
          "identity_schema_version": 0,
          "private": "bnVsbA=="
        }
      ]
    },
    {
      "mode": "managed",
      "type": "aws_efs_mount_target",
      "name": "pluto",
      "provider": "provider[\"registry.terraform.io/hashicorp/aws\"]",
      "instances": [
        {
          "index_key": 0,
          "schema_version": 0,
          "attributes": {
            "availability_zone_id": "cac1-az1",
            "availability_zone_name": "ca-central-1a",
            "dns_name": "fs-0aa48a57cadf8e994.efs.ca-central-1.amazonaws.com",
            "file_system_arn": "arn:aws:elasticfilesystem:ca-central-1:066683141917:file-system/fs-0aa48a57cadf8e994",
            "file_system_id": "fs-0aa48a57cadf8e994",
            "id": "fsmt-0f922ccef8bda9517",
            "ip_address": "10.20.110.241",
            "mount_target_dns_name": "ca-central-1a.fs-0aa48a57cadf8e994.efs.ca-central-1.amazonaws.com",
            "network_interface_id": "eni-0b75c46d1a25f4487",
            "owner_id": "066683141917",
            "security_groups": [
              "sg-05eeaea721d64d1e4"
            ],
            "subnet_id": "subnet-0df2409cbc4022baf",
            "timeouts": null
          },
          "sensitive_attributes": [],
          "identity_schema_version": 0,
          "private": "eyJlMmJmYjczMC1lY2FhLTExZTYtOGY4OC0zNDM2M2JjN2M0YzAiOnsiY3JlYXRlIjoxODAwMDAwMDAwMDAwLCJkZWxldGUiOjYwMDAwMDAwMDAwMH19",
          "dependencies": [
            "aws_efs_file_system.pluto",
            "aws_security_group.ecs",
            "aws_security_group.efs",
            "aws_subnet.private",
            "aws_vpc.pluto",
            "data.aws_availability_zones.available"
          ]
        },
        {
          "index_key": 1,
          "schema_version": 0,
          "attributes": {
            "availability_zone_id": "cac1-az2",
            "availability_zone_name": "ca-central-1b",
            "dns_name": "fs-0aa48a57cadf8e994.efs.ca-central-1.amazonaws.com",
            "file_system_arn": "arn:aws:elasticfilesystem:ca-central-1:066683141917:file-system/fs-0aa48a57cadf8e994",
            "file_system_id": "fs-0aa48a57cadf8e994",
            "id": "fsmt-056366bc125fc1b58",
            "ip_address": "10.20.120.98",
            "mount_target_dns_name": "ca-central-1b.fs-0aa48a57cadf8e994.efs.ca-central-1.amazonaws.com",
            "network_interface_id": "eni-0703ba6ce338b619b",
            "owner_id": "066683141917",
            "security_groups": [
              "sg-05eeaea721d64d1e4"
            ],
            "subnet_id": "subnet-03c82650975ddbfad",
            "timeouts": null
          },
          "sensitive_attributes": [],
          "identity_schema_version": 0,
          "private": "eyJlMmJmYjczMC1lY2FhLTExZTYtOGY4OC0zNDM2M2JjN2M0YzAiOnsiY3JlYXRlIjoxODAwMDAwMDAwMDAwLCJkZWxldGUiOjYwMDAwMDAwMDAwMH19",
          "dependencies": [
            "aws_efs_file_system.pluto",
            "aws_security_group.ecs",
            "aws_security_group.efs",
            "aws_subnet.private",
            "aws_vpc.pluto",
            "data.aws_availability_zones.available"
          ]
        }
      ]
    },
    {
      "mode": "managed",
      "type": "aws_iam_policy",
      "name": "bedrock",
      "provider": "provider[\"registry.terraform.io/hashicorp/aws\"]",
      "instances": [
        {
          "schema_version": 0,
          "attributes": {
            "arn": "arn:aws:iam::066683141917:policy/pluto-bedrock",
            "attachment_count": 1,
            "description": "Allow LiteLLM to call Bedrock",
            "id": "arn:aws:iam::066683141917:policy/pluto-bedrock",
            "name": "pluto-bedrock",
            "name_prefix": "",
            "path": "/",
            "policy": "{\"Statement\":[{\"Action\":[\"bedrock:InvokeModel\",\"bedrock:InvokeModelWithResponseStream\",\"bedrock:ListFoundationModels\"],\"Effect\":\"Allow\",\"Resource\":\"*\"}],\"Version\":\"2012-10-17\"}",
            "policy_id": "ANPAQ7BU774OS2JGMPGRN",
            "tags": {},
            "tags_all": {}
          },
          "sensitive_attributes": [],
          "identity_schema_version": 0,
          "private": "bnVsbA=="
        }
      ]
    },
    {
      "mode": "managed",
      "type": "aws_iam_role",
      "name": "ecs_task",
      "provider": "provider[\"registry.terraform.io/hashicorp/aws\"]",
      "instances": [
        {
          "schema_version": 0,
          "attributes": {
            "arn": "arn:aws:iam::066683141917:role/pluto-ecs-task",
            "assume_role_policy": "{\"Statement\":[{\"Action\":\"sts:AssumeRole\",\"Effect\":\"Allow\",\"Principal\":{\"Service\":\"ecs-tasks.amazonaws.com\"}}],\"Version\":\"2012-10-17\"}",
            "create_date": "2026-01-11T02:16:31Z",
            "description": "",
            "force_detach_policies": false,
            "id": "pluto-ecs-task",
            "inline_policy": [],
            "managed_policy_arns": [
              "arn:aws:iam::066683141917:policy/pluto-bedrock"
            ],
            "max_session_duration": 3600,
            "name": "pluto-ecs-task",
            "name_prefix": "",
            "path": "/",
            "permissions_boundary": "",
            "tags": {},
            "tags_all": {},
            "unique_id": "AROAQ7BU774OSG3IA6BDQ"
          },
          "sensitive_attributes": [],
          "identity_schema_version": 0,
          "private": "bnVsbA==",
          "dependencies": [
            "data.aws_iam_policy_document.ecs_task_assume_role"
          ]
        }
      ]
    },
    {
      "mode": "managed",
      "type": "aws_iam_role",
      "name": "ecs_task_execution",
      "provider": "provider[\"registry.terraform.io/hashicorp/aws\"]",
      "instances": [
        {
          "schema_version": 0,
          "attributes": {
            "arn": "arn:aws:iam::066683141917:role/pluto-ecs-execution",
            "assume_role_policy": "{\"Statement\":[{\"Action\":\"sts:AssumeRole\",\"Effect\":\"Allow\",\"Principal\":{\"Service\":\"ecs-tasks.amazonaws.com\"}}],\"Version\":\"2012-10-17\"}",
            "create_date": "2026-01-11T02:16:31Z",
            "description": "",
            "force_detach_policies": false,
            "id": "pluto-ecs-execution",
            "inline_policy": [],
            "managed_policy_arns": [
              "arn:aws:iam::aws:policy/service-role/AmazonECSTaskExecutionRolePolicy"
            ],
            "max_session_duration": 3600,
            "name": "pluto-ecs-execution",
            "name_prefix": "",
            "path": "/",
            "permissions_boundary": "",
            "tags": {},
            "tags_all": {},
            "unique_id": "AROAQ7BU774OTWAUGE2KV"
          },
          "sensitive_attributes": [],
          "identity_schema_version": 0,
          "private": "bnVsbA==",
          "dependencies": [
            "data.aws_iam_policy_document.ecs_task_assume_role"
          ]
        }
      ]
    },
    {
      "mode": "managed",
      "type": "aws_iam_role_policy_attachment",
      "name": "ecs_task_bedrock",
      "provider": "provider[\"registry.terraform.io/hashicorp/aws\"]",
      "instances": [
        {
          "schema_version": 0,
          "attributes": {
            "id": "pluto-ecs-task-2026011102163201960000000a",
            "policy_arn": "arn:aws:iam::066683141917:policy/pluto-bedrock",
            "role": "pluto-ecs-task"
          },
          "sensitive_attributes": [],
          "identity_schema_version": 0,
          "private": "bnVsbA==",
          "dependencies": [
            "aws_iam_policy.bedrock",
            "aws_iam_role.ecs_task",
            "data.aws_iam_policy_document.ecs_task_assume_role"
          ]
        }
      ]
    },
    {
      "mode": "managed",
      "type": "aws_iam_role_policy_attachment",
      "name": "ecs_task_execution",
      "provider": "provider[\"registry.terraform.io/hashicorp/aws\"]",
      "instances": [
        {
          "schema_version": 0,
          "attributes": {
            "id": "pluto-ecs-execution-20260111021631935400000009",
            "policy_arn": "arn:aws:iam::aws:policy/service-role/AmazonECSTaskExecutionRolePolicy",
            "role": "pluto-ecs-execution"
          },
          "sensitive_attributes": [],
          "identity_schema_version": 0,
          "private": "bnVsbA==",
          "dependencies": [
            "aws_iam_role.ecs_task_execution",
            "data.aws_iam_policy_document.ecs_task_assume_role"
          ]
        }
      ]
    },
    {
      "mode": "managed",
      "type": "aws_internet_gateway",
      "name": "pluto",
      "provider": "provider[\"registry.terraform.io/hashicorp/aws\"]",
      "instances": [
        {
          "schema_version": 0,
          "attributes": {
            "arn": "arn:aws:ec2:ca-central-1:066683141917:internet-gateway/igw-0edb0df8c6ca0fe4d",
            "id": "igw-0edb0df8c6ca0fe4d",
            "owner_id": "066683141917",
            "tags": {
              "Name": "pluto-igw"
            },
            "tags_all": {
              "Name": "pluto-igw"
            },
            "timeouts": null,
            "vpc_id": "vpc-074ebab203bf43375"
          },
          "sensitive_attributes": [],
          "identity_schema_version": 0,
          "private": "eyJlMmJmYjczMC1lY2FhLTExZTYtOGY4OC0zNDM2M2JjN2M0YzAiOnsiY3JlYXRlIjoxMjAwMDAwMDAwMDAwLCJkZWxldGUiOjEyMDAwMDAwMDAwMDAsInVwZGF0ZSI6MTIwMDAwMDAwMDAwMH19",
          "dependencies": [
            "aws_vpc.pluto"
          ]
        }
      ]
    },
    {
      "mode": "managed",
      "type": "aws_lb",
      "name": "pluto",
      "provider": "provider[\"registry.terraform.io/hashicorp/aws\"]",
      "instances": [
        {
          "schema_version": 0,
          "attributes": {
            "access_logs": [
              {
                "bucket": "",
                "enabled": false,
                "prefix": ""
              }
            ],
            "arn": "arn:aws:elasticloadbalancing:ca-central-1:066683141917:loadbalancer/net/pluto-nlb/1a004853cdf33ba2",
            "arn_suffix": "net/pluto-nlb/1a004853cdf33ba2",
            "client_keep_alive": null,
            "connection_logs": [],
            "customer_owned_ipv4_pool": "",
            "desync_mitigation_mode": null,
            "dns_name": "pluto-nlb-1a004853cdf33ba2.elb.ca-central-1.amazonaws.com",
            "dns_record_client_routing_policy": "any_availability_zone",
            "drop_invalid_header_fields": null,
            "enable_cross_zone_load_balancing": true,
            "enable_deletion_protection": false,
            "enable_http2": null,
            "enable_tls_version_and_cipher_suite_headers": null,
            "enable_waf_fail_open": null,
            "enable_xff_client_port": null,
            "enable_zonal_shift": false,
            "enforce_security_group_inbound_rules_on_private_link_traffic": "",
            "id": "arn:aws:elasticloadbalancing:ca-central-1:066683141917:loadbalancer/net/pluto-nlb/1a004853cdf33ba2",
            "idle_timeout": null,
            "internal": false,
            "ip_address_type": "ipv4",
            "ipam_pools": [],
            "load_balancer_type": "network",
            "minimum_load_balancer_capacity": [],
            "name": "pluto-nlb",
            "name_prefix": "",
            "preserve_host_header": null,
            "security_groups": [],
            "subnet_mapping": [
              {
                "allocation_id": "",
                "ipv6_address": "",
                "outpost_id": "",
                "private_ipv4_address": "",
                "subnet_id": "subnet-088f8672f85ccd968"
              },
              {
                "allocation_id": "",
                "ipv6_address": "",
                "outpost_id": "",
                "private_ipv4_address": "",
                "subnet_id": "subnet-0bc39f31c6756ca1f"
              }
            ],
            "subnets": [
              "subnet-088f8672f85ccd968",
              "subnet-0bc39f31c6756ca1f"
            ],
            "tags": {
              "Name": "pluto-nlb"
            },
            "tags_all": {
              "Name": "pluto-nlb"
            },
            "timeouts": null,
            "vpc_id": "vpc-074ebab203bf43375",
            "xff_header_processing_mode": null,
            "zone_id": "Z2EPGBW3API2WT"
          },
          "sensitive_attributes": [],
          "identity_schema_version": 0,
          "private": "eyJlMmJmYjczMC1lY2FhLTExZTYtOGY4OC0zNDM2M2JjN2M0YzAiOnsiY3JlYXRlIjo2MDAwMDAwMDAwMDAsImRlbGV0ZSI6NjAwMDAwMDAwMDAwLCJ1cGRhdGUiOjYwMDAwMDAwMDAwMH19",
          "dependencies": [
            "aws_subnet.public",
            "aws_vpc.pluto",
            "data.aws_availability_zones.available"
          ]
        }
      ]
    },
    {
      "mode": "managed",
      "type": "aws_lb_listener",
      "name": "https",
      "provider": "provider[\"registry.terraform.io/hashicorp/aws\"]",
      "instances": [
        {
          "schema_version": 0,
          "attributes": {
            "alpn_policy": null,
            "arn": "arn:aws:elasticloadbalancing:ca-central-1:066683141917:listener/net/pluto-nlb/1a004853cdf33ba2/30874a885c277360",
            "certificate_arn": "arn:aws:acm:ca-central-1:066683141917:certificate/57b1eeb9-3eea-43df-837f-29e93da34eee",
            "default_action": [
              {
                "authenticate_cognito": [],
                "authenticate_oidc": [],
                "fixed_response": [],
                "forward": [],
                "order": 1,
                "redirect": [],
                "target_group_arn": "arn:aws:elasticloadbalancing:ca-central-1:066683141917:targetgroup/pluto-traefik/917f2dfa385463fb",
                "type": "forward"
              }
            ],
            "id": "arn:aws:elasticloadbalancing:ca-central-1:066683141917:listener/net/pluto-nlb/1a004853cdf33ba2/30874a885c277360",
            "load_balancer_arn": "arn:aws:elasticloadbalancing:ca-central-1:066683141917:loadbalancer/net/pluto-nlb/1a004853cdf33ba2",
            "mutual_authentication": [],
            "port": 443,
            "protocol": "TLS",
            "routing_http_request_x_amzn_mtls_clientcert_header_name": null,
            "routing_http_request_x_amzn_mtls_clientcert_issuer_header_name": null,
            "routing_http_request_x_amzn_mtls_clientcert_leaf_header_name": null,
            "routing_http_request_x_amzn_mtls_clientcert_serial_number_header_name": null,
            "routing_http_request_x_amzn_mtls_clientcert_subject_header_name": null,
            "routing_http_request_x_amzn_mtls_clientcert_validity_header_name": null,
            "routing_http_request_x_amzn_tls_cipher_suite_header_name": null,
            "routing_http_request_x_amzn_tls_version_header_name": null,
            "routing_http_response_access_control_allow_credentials_header_value": null,
            "routing_http_response_access_control_allow_headers_header_value": null,
            "routing_http_response_access_control_allow_methods_header_value": null,
            "routing_http_response_access_control_allow_origin_header_value": null,
            "routing_http_response_access_control_expose_headers_header_value": null,
            "routing_http_response_access_control_max_age_header_value": null,
            "routing_http_response_content_security_policy_header_value": null,
            "routing_http_response_server_enabled": null,
            "routing_http_response_strict_transport_security_header_value": null,
            "routing_http_response_x_content_type_options_header_value": null,
            "routing_http_response_x_frame_options_header_value": null,
            "ssl_policy": "ELBSecurityPolicy-TLS13-1-2-2021-06",
            "tags": null,
            "tags_all": {},
            "tcp_idle_timeout_seconds": null,
            "timeouts": null
          },
          "sensitive_attributes": [],
          "identity_schema_version": 0,
          "private": "eyJlMmJmYjczMC1lY2FhLTExZTYtOGY4OC0zNDM2M2JjN2M0YzAiOnsiY3JlYXRlIjozMDAwMDAwMDAwMDAsInVwZGF0ZSI6MzAwMDAwMDAwMDAwfX0=",
          "dependencies": [
            "aws_acm_certificate.pluto",
            "aws_acm_certificate_validation.pluto",
            "aws_lb.pluto",
            "aws_lb_target_group.traefik",
            "aws_route53_record.cert_validation",
            "aws_subnet.public",
            "aws_vpc.pluto",
            "data.aws_availability_zones.available",
            "data.aws_route53_zone.selected"
          ]
        }
      ]
    },
    {
      "mode": "managed",
      "type": "aws_lb_target_group",
      "name": "traefik",
      "provider": "provider[\"registry.terraform.io/hashicorp/aws\"]",
      "instances": [
        {
          "schema_version": 0,
          "attributes": {
            "arn": "arn:aws:elasticloadbalancing:ca-central-1:066683141917:targetgroup/pluto-traefik/917f2dfa385463fb",
            "arn_suffix": "targetgroup/pluto-traefik/917f2dfa385463fb",
            "connection_termination": false,
            "deregistration_delay": "300",
            "health_check": [
              {
                "enabled": true,
                "healthy_threshold": 3,
                "interval": 30,
                "matcher": "",
                "path": "",
                "port": "80",
                "protocol": "TCP",
                "timeout": 10,
                "unhealthy_threshold": 3
              }
            ],
            "id": "arn:aws:elasticloadbalancing:ca-central-1:066683141917:targetgroup/pluto-traefik/917f2dfa385463fb",
            "ip_address_type": "ipv4",
            "lambda_multi_value_headers_enabled": false,
            "load_balancer_arns": [],
            "load_balancing_algorithm_type": null,
            "load_balancing_anomaly_mitigation": null,
            "load_balancing_cross_zone_enabled": "use_load_balancer_configuration",
            "name": "pluto-traefik",
            "name_prefix": "",
            "port": 80,
            "preserve_client_ip": "false",
            "protocol": "TCP",
            "protocol_version": null,
            "proxy_protocol_v2": false,
            "slow_start": 0,
            "stickiness": [
              {
                "cookie_duration": 0,
                "cookie_name": "",
                "enabled": false,
                "type": "source_ip"
              }
            ],
            "tags": {},
            "tags_all": {},
            "target_failover": [
              {
                "on_deregistration": null,
                "on_unhealthy": null
              }
            ],
            "target_group_health": [
              {
                "dns_failover": [
                  {
                    "minimum_healthy_targets_count": "1",
                    "minimum_healthy_targets_percentage": "off"
                  }
                ],
                "unhealthy_state_routing": [
                  {
                    "minimum_healthy_targets_count": 1,
                    "minimum_healthy_targets_percentage": "off"
                  }
                ]
              }
            ],
            "target_health_state": [
              {
                "enable_unhealthy_connection_termination": true,
                "unhealthy_draining_interval": 0
              }
            ],
            "target_type": "ip",
            "vpc_id": "vpc-074ebab203bf43375"
          },
          "sensitive_attributes": [],
          "identity_schema_version": 0,
          "private": "bnVsbA==",
          "dependencies": [
            "aws_vpc.pluto"
          ]
        }
      ]
    },
    {
      "mode": "managed",
      "type": "aws_route53_record",
      "name": "cert_validation",
      "provider": "provider[\"registry.terraform.io/hashicorp/aws\"]",
      "instances": [
        {
          "index_key": "*.pluto.patternsatscale.com",
          "schema_version": 2,
          "attributes": {
            "alias": [],
            "allow_overwrite": true,
            "cidr_routing_policy": [],
            "failover_routing_policy": [],
            "fqdn": "_7b48bfa48b63747ef2670faca6afc296.pluto.patternsatscale.com",
            "geolocation_routing_policy": [],
            "geoproximity_routing_policy": [],
            "health_check_id": "",
            "id": "Z06045411BKOU5PKCBFU6__7b48bfa48b63747ef2670faca6afc296.pluto.patternsatscale.com._CNAME",
            "latency_routing_policy": [],
            "multivalue_answer_routing_policy": false,
            "name": "_7b48bfa48b63747ef2670faca6afc296.pluto.patternsatscale.com",
            "records": [
              "_e7e8e192d0ee9f1c34b089af027182ae.jkddzztszm.acm-validations.aws."
            ],
            "set_identifier": "",
            "timeouts": null,
            "ttl": 300,
            "type": "CNAME",
            "weighted_routing_policy": [],
            "zone_id": "Z06045411BKOU5PKCBFU6"
          },
          "sensitive_attributes": [],
          "identity_schema_version": 0,
          "private": "eyJlMmJmYjczMC1lY2FhLTExZTYtOGY4OC0zNDM2M2JjN2M0YzAiOnsiY3JlYXRlIjoxODAwMDAwMDAwMDAwLCJkZWxldGUiOjE4MDAwMDAwMDAwMDAsInVwZGF0ZSI6MTgwMDAwMDAwMDAwMH0sInNjaGVtYV92ZXJzaW9uIjoiMiJ9",
          "dependencies": [
            "aws_acm_certificate.pluto",
            "data.aws_route53_zone.selected"
          ]
        },
        {
          "index_key": "pluto.patternsatscale.com",
          "schema_version": 2,
          "attributes": {
            "alias": [],
            "allow_overwrite": true,
            "cidr_routing_policy": [],
            "failover_routing_policy": [],
            "fqdn": "_7b48bfa48b63747ef2670faca6afc296.pluto.patternsatscale.com",
            "geolocation_routing_policy": [],
            "geoproximity_routing_policy": [],
            "health_check_id": "",
            "id": "Z06045411BKOU5PKCBFU6__7b48bfa48b63747ef2670faca6afc296.pluto.patternsatscale.com._CNAME",
            "latency_routing_policy": [],
            "multivalue_answer_routing_policy": false,
            "name": "_7b48bfa48b63747ef2670faca6afc296.pluto.patternsatscale.com",
            "records": [
              "_e7e8e192d0ee9f1c34b089af027182ae.jkddzztszm.acm-validations.aws."
            ],
            "set_identifier": "",
            "timeouts": null,
            "ttl": 300,
            "type": "CNAME",
            "weighted_routing_policy": [],
            "zone_id": "Z06045411BKOU5PKCBFU6"
          },
          "sensitive_attributes": [],
          "identity_schema_version": 0,
          "private": "eyJlMmJmYjczMC1lY2FhLTExZTYtOGY4OC0zNDM2M2JjN2M0YzAiOnsiY3JlYXRlIjoxODAwMDAwMDAwMDAwLCJkZWxldGUiOjE4MDAwMDAwMDAwMDAsInVwZGF0ZSI6MTgwMDAwMDAwMDAwMH0sInNjaGVtYV92ZXJzaW9uIjoiMiJ9",
          "dependencies": [
            "aws_acm_certificate.pluto",
            "data.aws_route53_zone.selected"
          ]
        }
      ]
    },
    {
      "mode": "managed",
      "type": "aws_route53_record",
      "name": "services",
      "provider": "provider[\"registry.terraform.io/hashicorp/aws\"]",
      "instances": [
        {
          "index_key": "chromadb",
          "schema_version": 2,
          "attributes": {
            "alias": [
              {
                "evaluate_target_health": false,
                "name": "pluto-nlb-1a004853cdf33ba2.elb.ca-central-1.amazonaws.com",
                "zone_id": "Z2EPGBW3API2WT"
              }
            ],
            "allow_overwrite": null,
            "cidr_routing_policy": [],
            "failover_routing_policy": [],
            "fqdn": "chromadb.pluto.patternsatscale.com",
            "geolocation_routing_policy": [],
            "geoproximity_routing_policy": [],
            "health_check_id": "",
            "id": "Z06045411BKOU5PKCBFU6_chromadb.pluto.patternsatscale.com_A",
            "latency_routing_policy": [],
            "multivalue_answer_routing_policy": false,
            "name": "chromadb.pluto.patternsatscale.com",
            "records": [],
            "set_identifier": "",
            "timeouts": null,
            "ttl": 0,
            "type": "A",
            "weighted_routing_policy": [],
            "zone_id": "Z06045411BKOU5PKCBFU6"
          },
          "sensitive_attributes": [],
          "identity_schema_version": 0,
          "private": "eyJlMmJmYjczMC1lY2FhLTExZTYtOGY4OC0zNDM2M2JjN2M0YzAiOnsiY3JlYXRlIjoxODAwMDAwMDAwMDAwLCJkZWxldGUiOjE4MDAwMDAwMDAwMDAsInVwZGF0ZSI6MTgwMDAwMDAwMDAwMH0sInNjaGVtYV92ZXJzaW9uIjoiMiJ9",
          "dependencies": [
            "aws_lb.pluto",
            "aws_subnet.public",
            "aws_vpc.pluto",
            "data.aws_availability_zones.available",
            "data.aws_route53_zone.selected"
          ]
        },
        {
          "index_key": "litellm",
          "schema_version": 2,
          "attributes": {
            "alias": [
              {
                "evaluate_target_health": false,
                "name": "pluto-nlb-1a004853cdf33ba2.elb.ca-central-1.amazonaws.com",
                "zone_id": "Z2EPGBW3API2WT"
              }
            ],
            "allow_overwrite": null,
            "cidr_routing_policy": [],
            "failover_routing_policy": [],
            "fqdn": "litellm.pluto.patternsatscale.com",
            "geolocation_routing_policy": [],
            "geoproximity_routing_policy": [],
            "health_check_id": "",
            "id": "Z06045411BKOU5PKCBFU6_litellm.pluto.patternsatscale.com_A",
            "latency_routing_policy": [],
            "multivalue_answer_routing_policy": false,
            "name": "litellm.pluto.patternsatscale.com",
            "records": [],
            "set_identifier": "",
            "timeouts": null,
            "ttl": 0,
            "type": "A",
            "weighted_routing_policy": [],
            "zone_id": "Z06045411BKOU5PKCBFU6"
          },
          "sensitive_attributes": [],
          "identity_schema_version": 0,
          "private": "eyJlMmJmYjczMC1lY2FhLTExZTYtOGY4OC0zNDM2M2JjN2M0YzAiOnsiY3JlYXRlIjoxODAwMDAwMDAwMDAwLCJkZWxldGUiOjE4MDAwMDAwMDAwMDAsInVwZGF0ZSI6MTgwMDAwMDAwMDAwMH0sInNjaGVtYV92ZXJzaW9uIjoiMiJ9",
          "dependencies": [
            "aws_lb.pluto",
            "aws_subnet.public",
            "aws_vpc.pluto",
            "data.aws_availability_zones.available",
            "data.aws_route53_zone.selected"
          ]
        },
        {
          "index_key": "ollama",
          "schema_version": 2,
          "attributes": {
            "alias": [
              {
                "evaluate_target_health": false,
                "name": "pluto-nlb-1a004853cdf33ba2.elb.ca-central-1.amazonaws.com",
                "zone_id": "Z2EPGBW3API2WT"
              }
            ],
            "allow_overwrite": null,
            "cidr_routing_policy": [],
            "failover_routing_policy": [],
            "fqdn": "ollama.pluto.patternsatscale.com",
            "geolocation_routing_policy": [],
            "geoproximity_routing_policy": [],
            "health_check_id": "",
            "id": "Z06045411BKOU5PKCBFU6_ollama.pluto.patternsatscale.com_A",
            "latency_routing_policy": [],
            "multivalue_answer_routing_policy": false,
            "name": "ollama.pluto.patternsatscale.com",
            "records": [],
            "set_identifier": "",
            "timeouts": null,
            "ttl": 0,
            "type": "A",
            "weighted_routing_policy": [],
            "zone_id": "Z06045411BKOU5PKCBFU6"
          },
          "sensitive_attributes": [],
          "identity_schema_version": 0,
          "private": "eyJlMmJmYjczMC1lY2FhLTExZTYtOGY4OC0zNDM2M2JjN2M0YzAiOnsiY3JlYXRlIjoxODAwMDAwMDAwMDAwLCJkZWxldGUiOjE4MDAwMDAwMDAwMDAsInVwZGF0ZSI6MTgwMDAwMDAwMDAwMH0sInNjaGVtYV92ZXJzaW9uIjoiMiJ9",
          "dependencies": [
            "aws_lb.pluto",
            "aws_subnet.public",
            "aws_vpc.pluto",
            "data.aws_availability_zones.available",
            "data.aws_route53_zone.selected"
          ]
        },
        {
          "index_key": "openwebui",
          "schema_version": 2,
          "attributes": {
            "alias": [
              {
                "evaluate_target_health": false,
                "name": "pluto-nlb-1a004853cdf33ba2.elb.ca-central-1.amazonaws.com",
                "zone_id": "Z2EPGBW3API2WT"
              }
            ],
            "allow_overwrite": null,
            "cidr_routing_policy": [],
            "failover_routing_policy": [],
            "fqdn": "openwebui.pluto.patternsatscale.com",
            "geolocation_routing_policy": [],
            "geoproximity_routing_policy": [],
            "health_check_id": "",
            "id": "Z06045411BKOU5PKCBFU6_openwebui.pluto.patternsatscale.com_A",
            "latency_routing_policy": [],
            "multivalue_answer_routing_policy": false,
            "name": "openwebui.pluto.patternsatscale.com",
            "records": [],
            "set_identifier": "",
            "timeouts": null,
            "ttl": 0,
            "type": "A",
            "weighted_routing_policy": [],
            "zone_id": "Z06045411BKOU5PKCBFU6"
          },
          "sensitive_attributes": [],
          "identity_schema_version": 0,
          "private": "eyJlMmJmYjczMC1lY2FhLTExZTYtOGY4OC0zNDM2M2JjN2M0YzAiOnsiY3JlYXRlIjoxODAwMDAwMDAwMDAwLCJkZWxldGUiOjE4MDAwMDAwMDAwMDAsInVwZGF0ZSI6MTgwMDAwMDAwMDAwMH0sInNjaGVtYV92ZXJzaW9uIjoiMiJ9",
          "dependencies": [
            "aws_lb.pluto",
            "aws_subnet.public",
            "aws_vpc.pluto",
            "data.aws_availability_zones.available",
            "data.aws_route53_zone.selected"
          ]
        }
      ]
    },
    {
      "mode": "managed",
      "type": "aws_route_table",
      "name": "private",
      "provider": "provider[\"registry.terraform.io/hashicorp/aws\"]",
      "instances": [
        {
          "schema_version": 0,
          "attributes": {
            "arn": "arn:aws:ec2:ca-central-1:066683141917:route-table/rtb-0f2f56e53e579af81",
            "id": "rtb-0f2f56e53e579af81",
            "owner_id": "066683141917",
            "propagating_vgws": [],
            "route": [],
            "tags": {
              "Name": "pluto-private-rt"
            },
            "tags_all": {
              "Name": "pluto-private-rt"
            },
            "timeouts": null,
            "vpc_id": "vpc-074ebab203bf43375"
          },
          "sensitive_attributes": [],
          "identity_schema_version": 0,
          "private": "eyJlMmJmYjczMC1lY2FhLTExZTYtOGY4OC0zNDM2M2JjN2M0YzAiOnsiY3JlYXRlIjozMDAwMDAwMDAwMDAsImRlbGV0ZSI6MzAwMDAwMDAwMDAwLCJ1cGRhdGUiOjEyMDAwMDAwMDAwMH19",
          "dependencies": [
            "aws_vpc.pluto"
          ]
        }
      ]
    },
    {
      "mode": "managed",
      "type": "aws_route_table",
      "name": "public",
      "provider": "provider[\"registry.terraform.io/hashicorp/aws\"]",
      "instances": [
        {
          "schema_version": 0,
          "attributes": {
            "arn": "arn:aws:ec2:ca-central-1:066683141917:route-table/rtb-00a1185249932728d",
            "id": "rtb-00a1185249932728d",
            "owner_id": "066683141917",
            "propagating_vgws": [],
            "route": [
              {
                "carrier_gateway_id": "",
                "cidr_block": "0.0.0.0/0",
                "core_network_arn": "",
                "destination_prefix_list_id": "",
                "egress_only_gateway_id": "",
                "gateway_id": "igw-0edb0df8c6ca0fe4d",
                "ipv6_cidr_block": "",
                "local_gateway_id": "",
                "nat_gateway_id": "",
                "network_interface_id": "",
                "transit_gateway_id": "",
                "vpc_endpoint_id": "",
                "vpc_peering_connection_id": ""
              }
            ],
            "tags": {
              "Name": "pluto-public-rt"
            },
            "tags_all": {
              "Name": "pluto-public-rt"
            },
            "timeouts": null,
            "vpc_id": "vpc-074ebab203bf43375"
          },
          "sensitive_attributes": [],
          "identity_schema_version": 0,
          "private": "eyJlMmJmYjczMC1lY2FhLTExZTYtOGY4OC0zNDM2M2JjN2M0YzAiOnsiY3JlYXRlIjozMDAwMDAwMDAwMDAsImRlbGV0ZSI6MzAwMDAwMDAwMDAwLCJ1cGRhdGUiOjEyMDAwMDAwMDAwMH19",
          "dependencies": [
            "aws_internet_gateway.pluto",
            "aws_vpc.pluto"
          ]
        }
      ]
    },
    {
      "mode": "managed",
      "type": "aws_route_table_association",
      "name": "private",
      "provider": "provider[\"registry.terraform.io/hashicorp/aws\"]",
      "instances": [
        {
          "index_key": 0,
          "schema_version": 0,
          "attributes": {
            "gateway_id": "",
            "id": "rtbassoc-08516c4635b37fa77",
            "route_table_id": "rtb-0f2f56e53e579af81",
            "subnet_id": "subnet-0df2409cbc4022baf",
            "timeouts": null
          },
          "sensitive_attributes": [],
          "identity_schema_version": 0,
          "private": "eyJlMmJmYjczMC1lY2FhLTExZTYtOGY4OC0zNDM2M2JjN2M0YzAiOnsiY3JlYXRlIjozMDAwMDAwMDAwMDAsImRlbGV0ZSI6MzAwMDAwMDAwMDAwLCJ1cGRhdGUiOjEyMDAwMDAwMDAwMH19",
          "dependencies": [
            "aws_route_table.private",
            "aws_subnet.private",
            "aws_vpc.pluto",
            "data.aws_availability_zones.available"
          ]
        },
        {
          "index_key": 1,
          "schema_version": 0,
          "attributes": {
            "gateway_id": "",
            "id": "rtbassoc-0eb60990c80b0e09b",
            "route_table_id": "rtb-0f2f56e53e579af81",
            "subnet_id": "subnet-03c82650975ddbfad",
            "timeouts": null
          },
          "sensitive_attributes": [],
          "identity_schema_version": 0,
          "private": "eyJlMmJmYjczMC1lY2FhLTExZTYtOGY4OC0zNDM2M2JjN2M0YzAiOnsiY3JlYXRlIjozMDAwMDAwMDAwMDAsImRlbGV0ZSI6MzAwMDAwMDAwMDAwLCJ1cGRhdGUiOjEyMDAwMDAwMDAwMH19",
          "dependencies": [
            "aws_route_table.private",
            "aws_subnet.private",
            "aws_vpc.pluto",
            "data.aws_availability_zones.available"
          ]
        }
      ]
    },
    {
      "mode": "managed",
      "type": "aws_route_table_association",
      "name": "public",
      "provider": "provider[\"registry.terraform.io/hashicorp/aws\"]",
      "instances": [
        {
          "index_key": 0,
          "schema_version": 0,
          "attributes": {
            "gateway_id": "",
            "id": "rtbassoc-0b21eba42297a9f86",
            "route_table_id": "rtb-00a1185249932728d",
            "subnet_id": "subnet-0bc39f31c6756ca1f",
            "timeouts": null
          },
          "sensitive_attributes": [],
          "identity_schema_version": 0,
          "private": "eyJlMmJmYjczMC1lY2FhLTExZTYtOGY4OC0zNDM2M2JjN2M0YzAiOnsiY3JlYXRlIjozMDAwMDAwMDAwMDAsImRlbGV0ZSI6MzAwMDAwMDAwMDAwLCJ1cGRhdGUiOjEyMDAwMDAwMDAwMH19",
          "dependencies": [
            "aws_internet_gateway.pluto",
            "aws_route_table.public",
            "aws_subnet.public",
            "aws_vpc.pluto",
            "data.aws_availability_zones.available"
          ]
        },
        {
          "index_key": 1,
          "schema_version": 0,
          "attributes": {
            "gateway_id": "",
            "id": "rtbassoc-0a76b8d11ac7efdcc",
            "route_table_id": "rtb-00a1185249932728d",
            "subnet_id": "subnet-088f8672f85ccd968",
            "timeouts": null
          },
          "sensitive_attributes": [],
          "identity_schema_version": 0,
          "private": "eyJlMmJmYjczMC1lY2FhLTExZTYtOGY4OC0zNDM2M2JjN2M0YzAiOnsiY3JlYXRlIjozMDAwMDAwMDAwMDAsImRlbGV0ZSI6MzAwMDAwMDAwMDAwLCJ1cGRhdGUiOjEyMDAwMDAwMDAwMH19",
          "dependencies": [
            "aws_internet_gateway.pluto",
            "aws_route_table.public",
            "aws_subnet.public",
            "aws_vpc.pluto",
            "data.aws_availability_zones.available"
          ]
        }
      ]
    },
    {
      "mode": "managed",
      "type": "aws_secretsmanager_secret",
      "name": "litellm_database_url",
      "provider": "provider[\"registry.terraform.io/hashicorp/aws\"]",
      "instances": [
        {
          "schema_version": 0,
          "attributes": {
            "arn": "arn:aws:secretsmanager:ca-central-1:066683141917:secret:pluto/litellm_database_url-l4P2yu",
            "description": "",
            "force_overwrite_replica_secret": false,
            "id": "arn:aws:secretsmanager:ca-central-1:066683141917:secret:pluto/litellm_database_url-l4P2yu",
            "kms_key_id": "",
            "name": "pluto/litellm_database_url",
            "name_prefix": "",
            "policy": "",
            "recovery_window_in_days": 30,
            "replica": [],
            "tags": {},
            "tags_all": {}
          },
          "sensitive_attributes": [],
          "identity_schema_version": 0,
          "private": "bnVsbA=="
        }
      ]
    },
    {
      "mode": "managed",
      "type": "aws_secretsmanager_secret",
      "name": "litellm_master_key",
      "provider": "provider[\"registry.terraform.io/hashicorp/aws\"]",
      "instances": [
        {
          "schema_version": 0,
          "attributes": {
            "arn": "arn:aws:secretsmanager:ca-central-1:066683141917:secret:pluto/litellm_master_key-tND3el",
            "description": "",
            "force_overwrite_replica_secret": false,
            "id": "arn:aws:secretsmanager:ca-central-1:066683141917:secret:pluto/litellm_master_key-tND3el",
            "kms_key_id": "",
            "name": "pluto/litellm_master_key",
            "name_prefix": "",
            "policy": "",
            "recovery_window_in_days": 30,
            "replica": [],
            "tags": {},
            "tags_all": {}
          },
          "sensitive_attributes": [],
          "identity_schema_version": 0,
          "private": "bnVsbA=="
        }
      ]
    },
    {
      "mode": "managed",
      "type": "aws_secretsmanager_secret",
      "name": "openwebui_database_url",
      "provider": "provider[\"registry.terraform.io/hashicorp/aws\"]",
      "instances": [
        {
          "schema_version": 0,
          "attributes": {
            "arn": "arn:aws:secretsmanager:ca-central-1:066683141917:secret:pluto/openwebui_database_url-6HTceP",
            "description": "",
            "force_overwrite_replica_secret": false,
            "id": "arn:aws:secretsmanager:ca-central-1:066683141917:secret:pluto/openwebui_database_url-6HTceP",
            "kms_key_id": "",
            "name": "pluto/openwebui_database_url",
            "name_prefix": "",
            "policy": "",
            "recovery_window_in_days": 30,
            "replica": [],
            "tags": {},
            "tags_all": {}
          },
          "sensitive_attributes": [],
          "identity_schema_version": 0,
          "private": "bnVsbA=="
        }
      ]
    },
    {
      "mode": "managed",
      "type": "aws_secretsmanager_secret",
      "name": "webui_secret_key",
      "provider": "provider[\"registry.terraform.io/hashicorp/aws\"]",
      "instances": [
        {
          "schema_version": 0,
          "attributes": {
            "arn": "arn:aws:secretsmanager:ca-central-1:066683141917:secret:pluto/webui_secret_key-sDFI0i",
            "description": "",
            "force_overwrite_replica_secret": false,
            "id": "arn:aws:secretsmanager:ca-central-1:066683141917:secret:pluto/webui_secret_key-sDFI0i",
            "kms_key_id": "",
            "name": "pluto/webui_secret_key",
            "name_prefix": "",
            "policy": "",
            "recovery_window_in_days": 30,
            "replica": [],
            "tags": {},
            "tags_all": {}
          },
          "sensitive_attributes": [],
          "identity_schema_version": 0,
          "private": "bnVsbA=="
        }
      ]
    },
    {
      "mode": "managed",
      "type": "aws_secretsmanager_secret_version",
      "name": "litellm_database_url",
      "provider": "provider[\"registry.terraform.io/hashicorp/aws\"]",
      "instances": [
        {
          "schema_version": 0,
          "attributes": {
            "arn": "arn:aws:secretsmanager:ca-central-1:066683141917:secret:pluto/litellm_database_url-l4P2yu",
            "has_secret_string_wo": null,
            "id": "arn:aws:secretsmanager:ca-central-1:066683141917:secret:pluto/litellm_database_url-l4P2yu|terraform-2026011102220460020000000d",
            "secret_binary": "",
            "secret_id": "arn:aws:secretsmanager:ca-central-1:066683141917:secret:pluto/litellm_database_url-l4P2yu",
            "secret_string": "postgresql://pluto:QzM)VMLjA(\u003eATtW5X*Be(W2\u0026@pluto-postgres.cpu0wyiocmkp.ca-central-1.rds.amazonaws.com:5432/pluto",
            "secret_string_wo": null,
            "secret_string_wo_version": null,
            "version_id": "terraform-2026011102220460020000000d",
            "version_stages": [
              "AWSCURRENT"
            ]
          },
          "sensitive_attributes": [
            [
              {
                "type": "get_attr",
                "value": "secret_binary"
              }
            ],
            [
              {
                "type": "get_attr",
                "value": "secret_string"
              }
            ],
            [
              {
                "type": "get_attr",
                "value": "secret_string_wo"
              }
            ]
          ],
          "identity_schema_version": 0,
          "private": "bnVsbA==",
          "dependencies": [
            "aws_db_instance.pluto",
            "aws_db_subnet_group.pluto",
            "aws_secretsmanager_secret.litellm_database_url",
            "aws_security_group.ecs",
            "aws_security_group.rds",
            "aws_subnet.private",
            "aws_vpc.pluto",
            "data.aws_availability_zones.available",
            "random_password.db_password"
          ]
        }
      ]
    },
    {
      "mode": "managed",
      "type": "aws_secretsmanager_secret_version",
      "name": "litellm_master_key",
      "provider": "provider[\"registry.terraform.io/hashicorp/aws\"]",
      "instances": [
        {
          "schema_version": 0,
          "attributes": {
            "arn": "arn:aws:secretsmanager:ca-central-1:066683141917:secret:pluto/litellm_master_key-tND3el",
            "has_secret_string_wo": null,
            "id": "arn:aws:secretsmanager:ca-central-1:066683141917:secret:pluto/litellm_master_key-tND3el|terraform-20260111021631870200000008",
            "secret_binary": "",
            "secret_id": "arn:aws:secretsmanager:ca-central-1:066683141917:secret:pluto/litellm_master_key-tND3el",
            "secret_string": "sk-SzWHqECdPmPR4jwTtPHCm5TNhCYB6KMC",
            "secret_string_wo": null,
            "secret_string_wo_version": null,
            "version_id": "terraform-20260111021631870200000008",
            "version_stages": [
              "AWSCURRENT"
            ]
          },
          "sensitive_attributes": [
            [
              {
                "type": "get_attr",
                "value": "secret_binary"
              }
            ],
            [
              {
                "type": "get_attr",
                "value": "secret_string"
              }
            ],
            [
              {
                "type": "get_attr",
                "value": "secret_string_wo"
              }
            ]
          ],
          "identity_schema_version": 0,
          "private": "bnVsbA==",
          "dependencies": [
            "aws_secretsmanager_secret.litellm_master_key",
            "random_password.litellm_master_key"
          ]
        }
      ]
    },
    {
      "mode": "managed",
      "type": "aws_secretsmanager_secret_version",
      "name": "openwebui_database_url",
      "provider": "provider[\"registry.terraform.io/hashicorp/aws\"]",
      "instances": [
        {
          "schema_version": 0,
          "attributes": {
            "arn": "arn:aws:secretsmanager:ca-central-1:066683141917:secret:pluto/openwebui_database_url-6HTceP",
            "has_secret_string_wo": null,
            "id": "arn:aws:secretsmanager:ca-central-1:066683141917:secret:pluto/openwebui_database_url-6HTceP|terraform-2026011102220460040000000e",
            "secret_binary": "",
            "secret_id": "arn:aws:secretsmanager:ca-central-1:066683141917:secret:pluto/openwebui_database_url-6HTceP",
            "secret_string": "postgresql://pluto:QzM)VMLjA(\u003eATtW5X*Be(W2\u0026@pluto-postgres.cpu0wyiocmkp.ca-central-1.rds.amazonaws.com:5432/pluto",
            "secret_string_wo": null,
            "secret_string_wo_version": null,
            "version_id": "terraform-2026011102220460040000000e",
            "version_stages": [
              "AWSCURRENT"
            ]
          },
          "sensitive_attributes": [
            [
              {
                "type": "get_attr",
                "value": "secret_binary"
              }
            ],
            [
              {
                "type": "get_attr",
                "value": "secret_string"
              }
            ],
            [
              {
                "type": "get_attr",
                "value": "secret_string_wo"
              }
            ]
          ],
          "identity_schema_version": 0,
          "private": "bnVsbA==",
          "dependencies": [
            "aws_db_instance.pluto",
            "aws_db_subnet_group.pluto",
            "aws_secretsmanager_secret.openwebui_database_url",
            "aws_security_group.ecs",
            "aws_security_group.rds",
            "aws_subnet.private",
            "aws_vpc.pluto",
            "data.aws_availability_zones.available",
            "random_password.db_password"
          ]
        }
      ]
    },
    {
      "mode": "managed",
      "type": "aws_secretsmanager_secret_version",
      "name": "webui_secret_key",
      "provider": "provider[\"registry.terraform.io/hashicorp/aws\"]",
      "instances": [
        {
          "schema_version": 0,
          "attributes": {
            "arn": "arn:aws:secretsmanager:ca-central-1:066683141917:secret:pluto/webui_secret_key-sDFI0i",
            "has_secret_string_wo": null,
            "id": "arn:aws:secretsmanager:ca-central-1:066683141917:secret:pluto/webui_secret_key-sDFI0i|terraform-20260111021631817500000007",
            "secret_binary": "",
            "secret_id": "arn:aws:secretsmanager:ca-central-1:066683141917:secret:pluto/webui_secret_key-sDFI0i",
            "secret_string": "nNG68F0vdFTWpjhF6hCyH3jsnexcasZMlqDYUgnY49ehUuW7",
            "secret_string_wo": null,
            "secret_string_wo_version": null,
            "version_id": "terraform-20260111021631817500000007",
            "version_stages": [
              "AWSCURRENT"
            ]
          },
          "sensitive_attributes": [
            [
              {
                "type": "get_attr",
                "value": "secret_binary"
              }
            ],
            [
              {
                "type": "get_attr",
                "value": "secret_string"
              }
            ],
            [
              {
                "type": "get_attr",
                "value": "secret_string_wo"
              }
            ]
          ],
          "identity_schema_version": 0,
          "private": "bnVsbA==",
          "dependencies": [
            "aws_secretsmanager_secret.webui_secret_key",
            "random_password.webui_secret_key"
          ]
        }
      ]
    },
    {
      "mode": "managed",
      "type": "aws_security_group",
      "name": "ecs",
      "provider": "provider[\"registry.terraform.io/hashicorp/aws\"]",
      "instances": [
        {
          "schema_version": 1,
          "attributes": {
            "arn": "arn:aws:ec2:ca-central-1:066683141917:security-group/sg-01ff4d9388f879b1f",
            "description": "ECS tasks",
            "egress": [
              {
                "cidr_blocks": [
                  "0.0.0.0/0"
                ],
                "description": "",
                "from_port": 0,
                "ipv6_cidr_blocks": [],
                "prefix_list_ids": [],
                "protocol": "-1",
                "security_groups": [],
                "self": false,
                "to_port": 0
              }
            ],
            "id": "sg-01ff4d9388f879b1f",
            "ingress": [
              {
                "cidr_blocks": [
                  "10.20.0.0/16"
                ],
                "description": "Traefik entrypoint",
                "from_port": 80,
                "ipv6_cidr_blocks": [],
                "prefix_list_ids": [],
                "protocol": "tcp",
                "security_groups": [],
                "self": false,
                "to_port": 80
              }
            ],
            "name": "pluto-ecs",
            "name_prefix": "",
            "owner_id": "066683141917",
            "revoke_rules_on_delete": false,
            "tags": {
              "Name": "pluto-ecs-sg"
            },
            "tags_all": {
              "Name": "pluto-ecs-sg"
            },
            "timeouts": null,
            "vpc_id": "vpc-074ebab203bf43375"
          },
          "sensitive_attributes": [],
          "identity_schema_version": 0,
          "private": "eyJlMmJmYjczMC1lY2FhLTExZTYtOGY4OC0zNDM2M2JjN2M0YzAiOnsiY3JlYXRlIjo2MDAwMDAwMDAwMDAsImRlbGV0ZSI6OTAwMDAwMDAwMDAwfSwic2NoZW1hX3ZlcnNpb24iOiIxIn0=",
          "dependencies": [
            "aws_vpc.pluto"
          ]
        }
      ]
    },
    {
      "mode": "managed",
      "type": "aws_security_group",
      "name": "efs",
      "provider": "provider[\"registry.terraform.io/hashicorp/aws\"]",
      "instances": [
        {
          "schema_version": 1,
          "attributes": {
            "arn": "arn:aws:ec2:ca-central-1:066683141917:security-group/sg-05eeaea721d64d1e4",
            "description": "EFS access from ECS",
            "egress": [
              {
                "cidr_blocks": [
                  "0.0.0.0/0"
                ],
                "description": "",
                "from_port": 0,
                "ipv6_cidr_blocks": [],
                "prefix_list_ids": [],
                "protocol": "-1",
                "security_groups": [],
                "self": false,
                "to_port": 0
              }
            ],
            "id": "sg-05eeaea721d64d1e4",
            "ingress": [
              {
                "cidr_blocks": [],
                "description": "",
                "from_port": 2049,
                "ipv6_cidr_blocks": [],
                "prefix_list_ids": [],
                "protocol": "tcp",
                "security_groups": [
                  "sg-01ff4d9388f879b1f"
                ],
                "self": false,
                "to_port": 2049
              }
            ],
            "name": "pluto-efs",
            "name_prefix": "",
            "owner_id": "066683141917",
            "revoke_rules_on_delete": false,
            "tags": {
              "Name": "pluto-efs-sg"
            },
            "tags_all": {
              "Name": "pluto-efs-sg"
            },
            "timeouts": null,
            "vpc_id": "vpc-074ebab203bf43375"
          },
          "sensitive_attributes": [],
          "identity_schema_version": 0,
          "private": "eyJlMmJmYjczMC1lY2FhLTExZTYtOGY4OC0zNDM2M2JjN2M0YzAiOnsiY3JlYXRlIjo2MDAwMDAwMDAwMDAsImRlbGV0ZSI6OTAwMDAwMDAwMDAwfSwic2NoZW1hX3ZlcnNpb24iOiIxIn0=",
          "dependencies": [
            "aws_security_group.ecs",
            "aws_vpc.pluto"
          ]
        }
      ]
    },
    {
      "mode": "managed",
      "type": "aws_security_group",
      "name": "rds",
      "provider": "provider[\"registry.terraform.io/hashicorp/aws\"]",
      "instances": [
        {
          "schema_version": 1,
          "attributes": {
            "arn": "arn:aws:ec2:ca-central-1:066683141917:security-group/sg-0977e28f692c314ae",
            "description": "Postgres access from ECS",
            "egress": [
              {
                "cidr_blocks": [
                  "0.0.0.0/0"
                ],
                "description": "",
                "from_port": 0,
                "ipv6_cidr_blocks": [],
                "prefix_list_ids": [],
                "protocol": "-1",
                "security_groups": [],
                "self": false,
                "to_port": 0
              }
            ],
            "id": "sg-0977e28f692c314ae",
            "ingress": [
              {
                "cidr_blocks": [],
                "description": "",
                "from_port": 5432,
                "ipv6_cidr_blocks": [],
                "prefix_list_ids": [],
                "protocol": "tcp",
                "security_groups": [
                  "sg-01ff4d9388f879b1f"
                ],
                "self": false,
                "to_port": 5432
              }
            ],
            "name": "pluto-rds",
            "name_prefix": "",
            "owner_id": "066683141917",
            "revoke_rules_on_delete": false,
            "tags": {
              "Name": "pluto-rds-sg"
            },
            "tags_all": {
              "Name": "pluto-rds-sg"
            },
            "timeouts": null,
            "vpc_id": "vpc-074ebab203bf43375"
          },
          "sensitive_attributes": [],
          "identity_schema_version": 0,
          "private": "eyJlMmJmYjczMC1lY2FhLTExZTYtOGY4OC0zNDM2M2JjN2M0YzAiOnsiY3JlYXRlIjo2MDAwMDAwMDAwMDAsImRlbGV0ZSI6OTAwMDAwMDAwMDAwfSwic2NoZW1hX3ZlcnNpb24iOiIxIn0=",
          "dependencies": [
            "aws_security_group.ecs",
            "aws_vpc.pluto"
          ]
        }
      ]
    },
    {
      "mode": "managed",
      "type": "aws_subnet",
      "name": "private",
      "provider": "provider[\"registry.terraform.io/hashicorp/aws\"]",
      "instances": [
        {
          "index_key": 0,
          "schema_version": 1,
          "attributes": {
            "arn": "arn:aws:ec2:ca-central-1:066683141917:subnet/subnet-0df2409cbc4022baf",
            "assign_ipv6_address_on_creation": false,
            "availability_zone": "ca-central-1a",
            "availability_zone_id": "cac1-az1",
            "cidr_block": "10.20.110.0/24",
            "customer_owned_ipv4_pool": "",
            "enable_dns64": false,
            "enable_lni_at_device_index": 0,
            "enable_resource_name_dns_a_record_on_launch": false,
            "enable_resource_name_dns_aaaa_record_on_launch": false,
            "id": "subnet-0df2409cbc4022baf",
            "ipv6_cidr_block": "",
            "ipv6_cidr_block_association_id": "",
            "ipv6_native": false,
            "map_customer_owned_ip_on_launch": false,
            "map_public_ip_on_launch": false,
            "outpost_arn": "",
            "owner_id": "066683141917",
            "private_dns_hostname_type_on_launch": "ip-name",
            "tags": {
              "Name": "pluto-private-1"
            },
            "tags_all": {
              "Name": "pluto-private-1"
            },
            "timeouts": null,
            "vpc_id": "vpc-074ebab203bf43375"
          },
          "sensitive_attributes": [],
          "identity_schema_version": 0,
          "private": "eyJlMmJmYjczMC1lY2FhLTExZTYtOGY4OC0zNDM2M2JjN2M0YzAiOnsiY3JlYXRlIjo2MDAwMDAwMDAwMDAsImRlbGV0ZSI6MTIwMDAwMDAwMDAwMH0sInNjaGVtYV92ZXJzaW9uIjoiMSJ9",
          "dependencies": [
            "aws_vpc.pluto",
            "data.aws_availability_zones.available"
          ]
        },
        {
          "index_key": 1,
          "schema_version": 1,
          "attributes": {
            "arn": "arn:aws:ec2:ca-central-1:066683141917:subnet/subnet-03c82650975ddbfad",
            "assign_ipv6_address_on_creation": false,
            "availability_zone": "ca-central-1b",
            "availability_zone_id": "cac1-az2",
            "cidr_block": "10.20.120.0/24",
            "customer_owned_ipv4_pool": "",
            "enable_dns64": false,
            "enable_lni_at_device_index": 0,
            "enable_resource_name_dns_a_record_on_launch": false,
            "enable_resource_name_dns_aaaa_record_on_launch": false,
            "id": "subnet-03c82650975ddbfad",
            "ipv6_cidr_block": "",
            "ipv6_cidr_block_association_id": "",
            "ipv6_native": false,
            "map_customer_owned_ip_on_launch": false,
            "map_public_ip_on_launch": false,
            "outpost_arn": "",
            "owner_id": "066683141917",
            "private_dns_hostname_type_on_launch": "ip-name",
            "tags": {
              "Name": "pluto-private-2"
            },
            "tags_all": {
              "Name": "pluto-private-2"
            },
            "timeouts": null,
            "vpc_id": "vpc-074ebab203bf43375"
          },
          "sensitive_attributes": [],
          "identity_schema_version": 0,
          "private": "eyJlMmJmYjczMC1lY2FhLTExZTYtOGY4OC0zNDM2M2JjN2M0YzAiOnsiY3JlYXRlIjo2MDAwMDAwMDAwMDAsImRlbGV0ZSI6MTIwMDAwMDAwMDAwMH0sInNjaGVtYV92ZXJzaW9uIjoiMSJ9",
          "dependencies": [
            "aws_vpc.pluto",
            "data.aws_availability_zones.available"
          ]
        }
      ]
    },
    {
      "mode": "managed",
      "type": "aws_subnet",
      "name": "public",
      "provider": "provider[\"registry.terraform.io/hashicorp/aws\"]",
      "instances": [
        {
          "index_key": 0,
          "schema_version": 1,
          "attributes": {
            "arn": "arn:aws:ec2:ca-central-1:066683141917:subnet/subnet-0bc39f31c6756ca1f",
            "assign_ipv6_address_on_creation": false,
            "availability_zone": "ca-central-1a",
            "availability_zone_id": "cac1-az1",
            "cidr_block": "10.20.10.0/24",
            "customer_owned_ipv4_pool": "",
            "enable_dns64": false,
            "enable_lni_at_device_index": 0,
            "enable_resource_name_dns_a_record_on_launch": false,
            "enable_resource_name_dns_aaaa_record_on_launch": false,
            "id": "subnet-0bc39f31c6756ca1f",
            "ipv6_cidr_block": "",
            "ipv6_cidr_block_association_id": "",
            "ipv6_native": false,
            "map_customer_owned_ip_on_launch": false,
            "map_public_ip_on_launch": true,
            "outpost_arn": "",
            "owner_id": "066683141917",
            "private_dns_hostname_type_on_launch": "ip-name",
            "tags": {
              "Name": "pluto-public-1"
            },
            "tags_all": {
              "Name": "pluto-public-1"
            },
            "timeouts": null,
            "vpc_id": "vpc-074ebab203bf43375"
          },
          "sensitive_attributes": [],
          "identity_schema_version": 0,
          "private": "eyJlMmJmYjczMC1lY2FhLTExZTYtOGY4OC0zNDM2M2JjN2M0YzAiOnsiY3JlYXRlIjo2MDAwMDAwMDAwMDAsImRlbGV0ZSI6MTIwMDAwMDAwMDAwMH0sInNjaGVtYV92ZXJzaW9uIjoiMSJ9",
          "dependencies": [
            "aws_vpc.pluto",
            "data.aws_availability_zones.available"
          ]
        },
        {
          "index_key": 1,
          "schema_version": 1,
          "attributes": {
            "arn": "arn:aws:ec2:ca-central-1:066683141917:subnet/subnet-088f8672f85ccd968",
            "assign_ipv6_address_on_creation": false,
            "availability_zone": "ca-central-1b",
            "availability_zone_id": "cac1-az2",
            "cidr_block": "10.20.20.0/24",
            "customer_owned_ipv4_pool": "",
            "enable_dns64": false,
            "enable_lni_at_device_index": 0,
            "enable_resource_name_dns_a_record_on_launch": false,
            "enable_resource_name_dns_aaaa_record_on_launch": false,
            "id": "subnet-088f8672f85ccd968",
            "ipv6_cidr_block": "",
            "ipv6_cidr_block_association_id": "",
            "ipv6_native": false,
            "map_customer_owned_ip_on_launch": false,
            "map_public_ip_on_launch": true,
            "outpost_arn": "",
            "owner_id": "066683141917",
            "private_dns_hostname_type_on_launch": "ip-name",
            "tags": {
              "Name": "pluto-public-2"
            },
            "tags_all": {
              "Name": "pluto-public-2"
            },
            "timeouts": null,
            "vpc_id": "vpc-074ebab203bf43375"
          },
          "sensitive_attributes": [],
          "identity_schema_version": 0,
          "private": "eyJlMmJmYjczMC1lY2FhLTExZTYtOGY4OC0zNDM2M2JjN2M0YzAiOnsiY3JlYXRlIjo2MDAwMDAwMDAwMDAsImRlbGV0ZSI6MTIwMDAwMDAwMDAwMH0sInNjaGVtYV92ZXJzaW9uIjoiMSJ9",
          "dependencies": [
            "aws_vpc.pluto",
            "data.aws_availability_zones.available"
          ]
        }
      ]
    },
    {
      "mode": "managed",
      "type": "aws_vpc",
      "name": "pluto",
      "provider": "provider[\"registry.terraform.io/hashicorp/aws\"]",
      "instances": [
        {
          "schema_version": 1,
          "attributes": {
            "arn": "arn:aws:ec2:ca-central-1:066683141917:vpc/vpc-074ebab203bf43375",
            "assign_generated_ipv6_cidr_block": false,
            "cidr_block": "10.20.0.0/16",
            "default_network_acl_id": "acl-0a4178e2f2958ccca",
            "default_route_table_id": "rtb-0556d237b4ba9127b",
            "default_security_group_id": "sg-04e1959dfe2a0dbac",
            "dhcp_options_id": "dopt-053fa713f9b7db553",
            "enable_dns_hostnames": true,
            "enable_dns_support": true,
            "enable_network_address_usage_metrics": false,
            "id": "vpc-074ebab203bf43375",
            "instance_tenancy": "default",
            "ipv4_ipam_pool_id": null,
            "ipv4_netmask_length": null,
            "ipv6_association_id": "",
            "ipv6_cidr_block": "",
            "ipv6_cidr_block_network_border_group": "",
            "ipv6_ipam_pool_id": "",
            "ipv6_netmask_length": 0,
            "main_route_table_id": "rtb-0556d237b4ba9127b",
            "owner_id": "066683141917",
            "tags": {
              "Name": "pluto-vpc"
            },
            "tags_all": {
              "Name": "pluto-vpc"
            }
          },
          "sensitive_attributes": [],
          "identity_schema_version": 0,
          "private": "eyJzY2hlbWFfdmVyc2lvbiI6IjEifQ=="
        }
      ]
    },
    {
      "mode": "managed",
      "type": "random_password",
      "name": "db_password",
      "provider": "provider[\"registry.terraform.io/hashicorp/random\"]",
      "instances": [
        {
          "schema_version": 3,
          "attributes": {
            "bcrypt_hash": "$2a$10$Hh9tNPdyppH5a47NA6o9TOnX/b6kh.YcVP5Lha5RR8/sVpJz5riim",
            "id": "none",
            "keepers": null,
            "length": 24,
            "lower": true,
            "min_lower": 0,
            "min_numeric": 0,
            "min_special": 0,
            "min_upper": 0,
            "number": true,
            "numeric": true,
            "override_special": null,
            "result": "QzM)VMLjA(\u003eATtW5X*Be(W2\u0026",
            "special": true,
            "upper": true
          },
          "sensitive_attributes": [
            [
              {
                "type": "get_attr",
                "value": "bcrypt_hash"
              }
            ],
            [
              {
                "type": "get_attr",
                "value": "result"
              }
            ]
          ],
          "identity_schema_version": 0
        }
      ]
    },
    {
      "mode": "managed",
      "type": "random_password",
      "name": "litellm_master_key",
      "provider": "provider[\"registry.terraform.io/hashicorp/random\"]",
      "instances": [
        {
          "schema_version": 3,
          "attributes": {
            "bcrypt_hash": "$2a$10$J7u7ai3mb6L.sLrZkvlT4uTXXojp/Y4RiMaJkhWVpAOSwZJQteKdm",
            "id": "none",
            "keepers": null,
            "length": 32,
            "lower": true,
            "min_lower": 0,
            "min_numeric": 0,
            "min_special": 0,
            "min_upper": 0,
            "number": true,
            "numeric": true,
            "override_special": null,
            "result": "SzWHqECdPmPR4jwTtPHCm5TNhCYB6KMC",
            "special": false,
            "upper": true
          },
          "sensitive_attributes": [
            [
              {
                "type": "get_attr",
                "value": "bcrypt_hash"
              }
            ],
            [
              {
                "type": "get_attr",
                "value": "result"
              }
            ]
          ],
          "identity_schema_version": 0
        }
      ]
    },
    {
      "mode": "managed",
      "type": "random_password",
      "name": "webui_secret_key",
      "provider": "provider[\"registry.terraform.io/hashicorp/random\"]",
      "instances": [
        {
          "schema_version": 3,
          "attributes": {
            "bcrypt_hash": "$2a$10$KOm4PdFFCk8y1Uz4ESMK2eiGV45hlqbBISdVEgPUcGJtOxYGOAwa6",
            "id": "none",
            "keepers": null,
            "length": 48,
            "lower": true,
            "min_lower": 0,
            "min_numeric": 0,
            "min_special": 0,
            "min_upper": 0,
            "number": true,
            "numeric": true,
            "override_special": null,
            "result": "nNG68F0vdFTWpjhF6hCyH3jsnexcasZMlqDYUgnY49ehUuW7",
            "special": false,
            "upper": true
          },
          "sensitive_attributes": [
            [
              {
                "type": "get_attr",
                "value": "bcrypt_hash"
              }
            ],
            [
              {
                "type": "get_attr",
                "value": "result"
              }
            ]
          ],
          "identity_schema_version": 0
        }
      ]
    }
  ],
  "check_results": null
}
